
Microsoft Visual Studio Solution File, Format Version 12.00
# Visual Studio 14
VisualStudioVersion = 14.0.22310.1
MinimumVisualStudioVersion = 10.0.40219.1
Project("{2150E333-8FDC-42A3-9474-1A3956D46DE8}") = "Tests", "Tests", "{92DEA81D-81ED-4283-BBC7-41975647F69E}"
	ProjectSection(SolutionItems) = preProject
		tests\log4cplus_tests.props = tests\log4cplus_tests.props
		tests\log4cplus_tests_dll.props = tests\log4cplus_tests_dll.props
		tests\log4cplus_tests_static.props = tests\log4cplus_tests_static.props
	EndProjectSection
EndProject
Project("{8BC9CEB8-8B4A-11D0-8D11-00A0C91BC942}") = "appender_test", "tests\appender_test.vcxproj", "{63AF3784-3FFB-46AC-B341-76B55AEE3148}"
EndProject
Project("{8BC9CEB8-8B4A-11D0-8D11-00A0C91BC942}") = "fileappender_test", "tests\fileappender_test.vcxproj", "{434FBB6C-6D3C-466A-86DB-DE999065B5E5}"
EndProject
Project("{8BC9CEB8-8B4A-11D0-8D11-00A0C91BC942}") = "filter_test", "tests\filter_test.vcxproj", "{66FE475D-D26C-4457-8B1C-B057D770C716}"
EndProject
Project("{8BC9CEB8-8B4A-11D0-8D11-00A0C91BC942}") = "hierarchy_test", "tests\hierarchy_test.vcxproj", "{07817E6D-9FAB-4261-9D62-C5AD13810258}"
EndProject
Project("{8BC9CEB8-8B4A-11D0-8D11-00A0C91BC942}") = "log4cplus", "log4cplus.vcxproj", "{917836A4-0DDC-47BE-B930-1B3BFDF6C940}"
EndProject
Project("{8BC9CEB8-8B4A-11D0-8D11-00A0C91BC942}") = "log4cplusS", "log4cplusS.vcxproj", "{BEC0CD2F-60CD-40E2-A89B-AB10E902F1D5}"
EndProject
Project("{8BC9CEB8-8B4A-11D0-8D11-00A0C91BC942}") = "loggingserver", "loggingserver.vcxproj", "{B8E88AF6-0427-4839-88AC-0C6E12615B10}"
EndProject
Project("{8BC9CEB8-8B4A-11D0-8D11-00A0C91BC942}") = "loglog_test", "tests\loglog_test.vcxproj", "{1F8CC79C-876D-4A13-BA92-98A3A51B2749}"
EndProject
Project("{8BC9CEB8-8B4A-11D0-8D11-00A0C91BC942}") = "ndc_test", "tests\ndc_test.vcxproj", "{FBCE50FB-C87B-4A28-9551-7D1BFDAA65EC}"
EndProject
Project("{8BC9CEB8-8B4A-11D0-8D11-00A0C91BC942}") = "performance_test", "tests\performance_test.vcxproj", "{94EF9EE0-6E68-4F5F-9174-D09896518894}"
EndProject
Project("{8BC9CEB8-8B4A-11D0-8D11-00A0C91BC942}") = "configandwatch_test", "tests\configandwatch_test.vcxproj", "{0A878274-362D-4184-B5C6-A1C80D22A170}"
EndProject
Project("{8BC9CEB8-8B4A-11D0-8D11-00A0C91BC942}") = "customloglevel_test", "tests\customloglevel_test.vcxproj", "{040B829F-8ED6-4D35-9043-0DF31597F7FB}"
EndProject
Project("{8BC9CEB8-8B4A-11D0-8D11-00A0C91BC942}") = "ostream_test", "tests\ostream_test.vcxproj", "{C133DEF0-FAF5-4635-8D5A-2C789B424371}"
EndProject
Project("{8BC9CEB8-8B4A-11D0-8D11-00A0C91BC942}") = "priority_test", "tests\priority_test.vcxproj", "{CBD762A9-79BC-4AE7-8890-76360F539D76}"
EndProject
Project("{8BC9CEB8-8B4A-11D0-8D11-00A0C91BC942}") = "socket_test", "tests\socket_test.vcxproj", "{D405C4A0-D62F-4EE7-96D2-76AD808C7319}"
EndProject
Project("{8BC9CEB8-8B4A-11D0-8D11-00A0C91BC942}") = "thread_test", "tests\thread_test.vcxproj", "{F83D31E0-B607-4D3E-AF53-BA2A19BE17ED}"
EndProject
Project("{8BC9CEB8-8B4A-11D0-8D11-00A0C91BC942}") = "timeformat_test", "tests\timeformat_test.vcxproj", "{7EFABA06-71CD-498F-BF10-C41A7D2DCF3B}"
EndProject
Project("{8BC9CEB8-8B4A-11D0-8D11-00A0C91BC942}") = "patternlayout_test", "tests\patternlayout_test.vcxproj", "{AE4CF05D-9770-4BF2-BB73-1DA37E2A1508}"
EndProject
Project("{8BC9CEB8-8B4A-11D0-8D11-00A0C91BC942}") = "CLFSAppender", "CLFSAppender.vcxproj", "{C0C6F651-99D8-404E-B2EC-507B261E820C}"
	ProjectSection(ProjectDependencies) = postProject
		{917836A4-0DDC-47BE-B930-1B3BFDF6C940} = {917836A4-0DDC-47BE-B930-1B3BFDF6C940}
	EndProjectSection
EndProject
Project("{8BC9CEB8-8B4A-11D0-8D11-00A0C91BC942}") = "Qt4DebugAppender", "Qt4DebugAppender.vcxproj", "{18B64AA1-A2F7-46BE-8D48-7882AA471FA9}"
EndProject
Project("{8BC9CEB8-8B4A-11D0-8D11-00A0C91BC942}") = "MSTTSAppender", "MSTTSAppender.vcxproj", "{7C361308-3FC8-45AF-9362-1A7C75E7F277}"
EndProject
Project("{8BC9CEB8-8B4A-11D0-8D11-00A0C91BC942}") = "propertyconfig_test", "tests\propertyconfig_test.vcxproj", "{44D4D0A3-FAFA-4134-9806-BCB830594E28}"
EndProject
Project("{8BC9CEB8-8B4A-11D0-8D11-00A0C91BC942}") = "Qt5DebugAppender", "Qt5DebugAppender.vcxproj", "{0F01EBDC-F988-41DD-BDA8-247DBC870F6B}"
EndProject
Project("{2150E333-8FDC-42A3-9474-1A3956D46DE8}") = "External Appenders", "External Appenders", "{DAFB5F7D-6AF3-4D4F-B6D3-C1049A1259DA}"
EndProject
Project("{8BC9CEB8-8B4A-11D0-8D11-00A0C91BC942}") = "appender_testS", "tests\appender_testS.vcxproj", "{87AA80A2-624C-420A-BBA7-4A68AB894AB3}"
EndProject
Project("{8BC9CEB8-8B4A-11D0-8D11-00A0C91BC942}") = "configandwatch_testS", "tests\configandwatch_testS.vcxproj", "{1A39C4C2-0160-42C4-8E81-4D5AAE1A3412}"
EndProject
Project("{8BC9CEB8-8B4A-11D0-8D11-00A0C91BC942}") = "customloglevel_testS", "tests\customloglevel_testS.vcxproj", "{E64A222C-7489-44F6-88E0-EC95D9B61F6B}"
EndProject
Project("{8BC9CEB8-8B4A-11D0-8D11-00A0C91BC942}") = "fileappender_testS", "tests\fileappender_testS.vcxproj", "{07819E3A-C60E-4FA6-9EB6-820EAA21F327}"
EndProject
Project("{8BC9CEB8-8B4A-11D0-8D11-00A0C91BC942}") = "filter_testS", "tests\filter_testS.vcxproj", "{4428C51A-6903-47E9-AECD-B2F2D4C040DE}"
EndProject
Project("{8BC9CEB8-8B4A-11D0-8D11-00A0C91BC942}") = "hierarchy_testS", "tests\hierarchy_testS.vcxproj", "{A1F3A775-26C1-4842-A652-67FB66D94CFD}"
EndProject
Project("{8BC9CEB8-8B4A-11D0-8D11-00A0C91BC942}") = "loglog_testS", "tests\loglog_testS.vcxproj", "{052E825A-8D84-46C6-A10E-D8F6EEECF441}"
EndProject
Project("{8BC9CEB8-8B4A-11D0-8D11-00A0C91BC942}") = "ndc_testS", "tests\ndc_testS.vcxproj", "{7C1B81EB-9931-401E-897D-80FDB66EAD2D}"
EndProject
Project("{8BC9CEB8-8B4A-11D0-8D11-00A0C91BC942}") = "ostream_testS", "tests\ostream_testS.vcxproj", "{18791CDA-136A-49D1-84FE-69CD0A7F13A9}"
EndProject
Project("{8BC9CEB8-8B4A-11D0-8D11-00A0C91BC942}") = "patternlayout_testS", "tests\patternlayout_testS.vcxproj", "{EC65FE25-C6DB-42B6-B946-D00CC1AEFDD1}"
EndProject
Project("{8BC9CEB8-8B4A-11D0-8D11-00A0C91BC942}") = "performance_testS", "tests\performance_testS.vcxproj", "{9B7E7FA5-F13B-440E-80DD-84C0CE676B3E}"
EndProject
Project("{8BC9CEB8-8B4A-11D0-8D11-00A0C91BC942}") = "priority_testS", "tests\priority_testS.vcxproj", "{2C4FB823-F9AA-4022-8880-EA74ED6C162B}"
EndProject
Project("{8BC9CEB8-8B4A-11D0-8D11-00A0C91BC942}") = "propertyconfig_testS", "tests\propertyconfig_testS.vcxproj", "{F7E9D999-3497-4F46-8914-613883E97CE6}"
EndProject
Project("{8BC9CEB8-8B4A-11D0-8D11-00A0C91BC942}") = "socket_testS", "tests\socket_testS.vcxproj", "{333F2272-D4D6-4F2A-A877-89384693B154}"
EndProject
Project("{8BC9CEB8-8B4A-11D0-8D11-00A0C91BC942}") = "thread_testS", "tests\thread_testS.vcxproj", "{2FA8F684-7CC6-4369-9C27-92BD82C152CB}"
EndProject
Project("{8BC9CEB8-8B4A-11D0-8D11-00A0C91BC942}") = "timeformat_testS", "tests\timeformat_testS.vcxproj", "{98B237DB-7AF6-45C6-A998-850F3BF5A233}"
EndProject
Project("{8BC9CEB8-8B4A-11D0-8D11-00A0C91BC942}") = "unit_tests", "tests\unit_tests.vcxproj", "{DC95D05E-8DDF-4D18-95F7-DDE9EDAE7B83}"
EndProject
Project("{8BC9CEB8-8B4A-11D0-8D11-00A0C91BC942}") = "unit_testsS", "tests\unit_testsS.vcxproj", "{8014E9D5-764A-4BDC-8590-73A4D739ADC7}"
EndProject
Global
	GlobalSection(SolutionConfigurationPlatforms) = preSolution
		Debug_Unicode|Win32 = Debug_Unicode|Win32
		Debug_Unicode|x64 = Debug_Unicode|x64
		Debug|Win32 = Debug|Win32
		Debug|x64 = Debug|x64
		Release_Unicode|Win32 = Release_Unicode|Win32
		Release_Unicode|x64 = Release_Unicode|x64
		Release|Win32 = Release|Win32
		Release|x64 = Release|x64
	EndGlobalSection
	GlobalSection(ProjectConfigurationPlatforms) = postSolution
		{63AF3784-3FFB-46AC-B341-76B55AEE3148}.Debug_Unicode|Win32.ActiveCfg = Debug_Unicode|Win32
		{63AF3784-3FFB-46AC-B341-76B55AEE3148}.Debug_Unicode|Win32.Build.0 = Debug_Unicode|Win32
		{63AF3784-3FFB-46AC-B341-76B55AEE3148}.Debug_Unicode|x64.ActiveCfg = Debug_Unicode|x64
		{63AF3784-3FFB-46AC-B341-76B55AEE3148}.Debug_Unicode|x64.Build.0 = Debug_Unicode|x64
		{63AF3784-3FFB-46AC-B341-76B55AEE3148}.Debug|Win32.ActiveCfg = Debug|Win32
		{63AF3784-3FFB-46AC-B341-76B55AEE3148}.Debug|Win32.Build.0 = Debug|Win32
		{63AF3784-3FFB-46AC-B341-76B55AEE3148}.Debug|x64.ActiveCfg = Debug|x64
		{63AF3784-3FFB-46AC-B341-76B55AEE3148}.Debug|x64.Build.0 = Debug|x64
		{63AF3784-3FFB-46AC-B341-76B55AEE3148}.Release_Unicode|Win32.ActiveCfg = Release_Unicode|Win32
		{63AF3784-3FFB-46AC-B341-76B55AEE3148}.Release_Unicode|Win32.Build.0 = Release_Unicode|Win32
		{63AF3784-3FFB-46AC-B341-76B55AEE3148}.Release_Unicode|x64.ActiveCfg = Release_Unicode|x64
		{63AF3784-3FFB-46AC-B341-76B55AEE3148}.Release_Unicode|x64.Build.0 = Release_Unicode|x64
		{63AF3784-3FFB-46AC-B341-76B55AEE3148}.Release|Win32.ActiveCfg = Release|Win32
		{63AF3784-3FFB-46AC-B341-76B55AEE3148}.Release|Win32.Build.0 = Release|Win32
		{63AF3784-3FFB-46AC-B341-76B55AEE3148}.Release|x64.ActiveCfg = Release|x64
		{63AF3784-3FFB-46AC-B341-76B55AEE3148}.Release|x64.Build.0 = Release|x64
		{434FBB6C-6D3C-466A-86DB-DE999065B5E5}.Debug_Unicode|Win32.ActiveCfg = Debug_Unicode|Win32
		{434FBB6C-6D3C-466A-86DB-DE999065B5E5}.Debug_Unicode|Win32.Build.0 = Debug_Unicode|Win32
		{434FBB6C-6D3C-466A-86DB-DE999065B5E5}.Debug_Unicode|x64.ActiveCfg = Debug_Unicode|x64
		{434FBB6C-6D3C-466A-86DB-DE999065B5E5}.Debug_Unicode|x64.Build.0 = Debug_Unicode|x64
		{434FBB6C-6D3C-466A-86DB-DE999065B5E5}.Debug|Win32.ActiveCfg = Debug|Win32
		{434FBB6C-6D3C-466A-86DB-DE999065B5E5}.Debug|Win32.Build.0 = Debug|Win32
		{434FBB6C-6D3C-466A-86DB-DE999065B5E5}.Debug|x64.ActiveCfg = Debug|x64
		{434FBB6C-6D3C-466A-86DB-DE999065B5E5}.Debug|x64.Build.0 = Debug|x64
		{434FBB6C-6D3C-466A-86DB-DE999065B5E5}.Release_Unicode|Win32.ActiveCfg = Release_Unicode|Win32
		{434FBB6C-6D3C-466A-86DB-DE999065B5E5}.Release_Unicode|Win32.Build.0 = Release_Unicode|Win32
		{434FBB6C-6D3C-466A-86DB-DE999065B5E5}.Release_Unicode|x64.ActiveCfg = Release_Unicode|x64
		{434FBB6C-6D3C-466A-86DB-DE999065B5E5}.Release_Unicode|x64.Build.0 = Release_Unicode|x64
		{434FBB6C-6D3C-466A-86DB-DE999065B5E5}.Release|Win32.ActiveCfg = Release|Win32
		{434FBB6C-6D3C-466A-86DB-DE999065B5E5}.Release|Win32.Build.0 = Release|Win32
		{434FBB6C-6D3C-466A-86DB-DE999065B5E5}.Release|x64.ActiveCfg = Release|x64
		{434FBB6C-6D3C-466A-86DB-DE999065B5E5}.Release|x64.Build.0 = Release|x64
		{66FE475D-D26C-4457-8B1C-B057D770C716}.Debug_Unicode|Win32.ActiveCfg = Debug_Unicode|Win32
		{66FE475D-D26C-4457-8B1C-B057D770C716}.Debug_Unicode|Win32.Build.0 = Debug_Unicode|Win32
		{66FE475D-D26C-4457-8B1C-B057D770C716}.Debug_Unicode|x64.ActiveCfg = Debug_Unicode|x64
		{66FE475D-D26C-4457-8B1C-B057D770C716}.Debug_Unicode|x64.Build.0 = Debug_Unicode|x64
		{66FE475D-D26C-4457-8B1C-B057D770C716}.Debug|Win32.ActiveCfg = Debug|Win32
		{66FE475D-D26C-4457-8B1C-B057D770C716}.Debug|Win32.Build.0 = Debug|Win32
		{66FE475D-D26C-4457-8B1C-B057D770C716}.Debug|x64.ActiveCfg = Debug|x64
		{66FE475D-D26C-4457-8B1C-B057D770C716}.Debug|x64.Build.0 = Debug|x64
		{66FE475D-D26C-4457-8B1C-B057D770C716}.Release_Unicode|Win32.ActiveCfg = Release_Unicode|Win32
		{66FE475D-D26C-4457-8B1C-B057D770C716}.Release_Unicode|Win32.Build.0 = Release_Unicode|Win32
		{66FE475D-D26C-4457-8B1C-B057D770C716}.Release_Unicode|x64.ActiveCfg = Release_Unicode|x64
		{66FE475D-D26C-4457-8B1C-B057D770C716}.Release_Unicode|x64.Build.0 = Release_Unicode|x64
		{66FE475D-D26C-4457-8B1C-B057D770C716}.Release|Win32.ActiveCfg = Release|Win32
		{66FE475D-D26C-4457-8B1C-B057D770C716}.Release|Win32.Build.0 = Release|Win32
		{66FE475D-D26C-4457-8B1C-B057D770C716}.Release|x64.ActiveCfg = Release|x64
		{66FE475D-D26C-4457-8B1C-B057D770C716}.Release|x64.Build.0 = Release|x64
		{07817E6D-9FAB-4261-9D62-C5AD13810258}.Debug_Unicode|Win32.ActiveCfg = Debug_Unicode|Win32
		{07817E6D-9FAB-4261-9D62-C5AD13810258}.Debug_Unicode|Win32.Build.0 = Debug_Unicode|Win32
		{07817E6D-9FAB-4261-9D62-C5AD13810258}.Debug_Unicode|x64.ActiveCfg = Debug_Unicode|x64
		{07817E6D-9FAB-4261-9D62-C5AD13810258}.Debug_Unicode|x64.Build.0 = Debug_Unicode|x64
		{07817E6D-9FAB-4261-9D62-C5AD13810258}.Debug|Win32.ActiveCfg = Debug|Win32
		{07817E6D-9FAB-4261-9D62-C5AD13810258}.Debug|Win32.Build.0 = Debug|Win32
		{07817E6D-9FAB-4261-9D62-C5AD13810258}.Debug|x64.ActiveCfg = Debug|x64
		{07817E6D-9FAB-4261-9D62-C5AD13810258}.Debug|x64.Build.0 = Debug|x64
		{07817E6D-9FAB-4261-9D62-C5AD13810258}.Release_Unicode|Win32.ActiveCfg = Release_Unicode|Win32
		{07817E6D-9FAB-4261-9D62-C5AD13810258}.Release_Unicode|Win32.Build.0 = Release_Unicode|Win32
		{07817E6D-9FAB-4261-9D62-C5AD13810258}.Release_Unicode|x64.ActiveCfg = Release_Unicode|x64
		{07817E6D-9FAB-4261-9D62-C5AD13810258}.Release_Unicode|x64.Build.0 = Release_Unicode|x64
		{07817E6D-9FAB-4261-9D62-C5AD13810258}.Release|Win32.ActiveCfg = Release|Win32
		{07817E6D-9FAB-4261-9D62-C5AD13810258}.Release|Win32.Build.0 = Release|Win32
		{07817E6D-9FAB-4261-9D62-C5AD13810258}.Release|x64.ActiveCfg = Release|x64
		{07817E6D-9FAB-4261-9D62-C5AD13810258}.Release|x64.Build.0 = Release|x64
		{917836A4-0DDC-47BE-B930-1B3BFDF6C940}.Debug_Unicode|Win32.ActiveCfg = Debug_Unicode|Win32
		{917836A4-0DDC-47BE-B930-1B3BFDF6C940}.Debug_Unicode|Win32.Build.0 = Debug_Unicode|Win32
		{917836A4-0DDC-47BE-B930-1B3BFDF6C940}.Debug_Unicode|x64.ActiveCfg = Debug_Unicode|x64
		{917836A4-0DDC-47BE-B930-1B3BFDF6C940}.Debug_Unicode|x64.Build.0 = Debug_Unicode|x64
		{917836A4-0DDC-47BE-B930-1B3BFDF6C940}.Debug|Win32.ActiveCfg = Debug|Win32
		{917836A4-0DDC-47BE-B930-1B3BFDF6C940}.Debug|Win32.Build.0 = Debug|Win32
		{917836A4-0DDC-47BE-B930-1B3BFDF6C940}.Debug|x64.ActiveCfg = Debug|x64
		{917836A4-0DDC-47BE-B930-1B3BFDF6C940}.Debug|x64.Build.0 = Debug|x64
		{917836A4-0DDC-47BE-B930-1B3BFDF6C940}.Release_Unicode|Win32.ActiveCfg = Release_Unicode|Win32
		{917836A4-0DDC-47BE-B930-1B3BFDF6C940}.Release_Unicode|Win32.Build.0 = Release_Unicode|Win32
		{917836A4-0DDC-47BE-B930-1B3BFDF6C940}.Release_Unicode|x64.ActiveCfg = Release_Unicode|x64
		{917836A4-0DDC-47BE-B930-1B3BFDF6C940}.Release_Unicode|x64.Build.0 = Release_Unicode|x64
		{917836A4-0DDC-47BE-B930-1B3BFDF6C940}.Release|Win32.ActiveCfg = Release|Win32
		{917836A4-0DDC-47BE-B930-1B3BFDF6C940}.Release|Win32.Build.0 = Release|Win32
		{917836A4-0DDC-47BE-B930-1B3BFDF6C940}.Release|x64.ActiveCfg = Release|x64
		{917836A4-0DDC-47BE-B930-1B3BFDF6C940}.Release|x64.Build.0 = Release|x64
		{BEC0CD2F-60CD-40E2-A89B-AB10E902F1D5}.Debug_Unicode|Win32.ActiveCfg = Debug_Unicode|Win32
		{BEC0CD2F-60CD-40E2-A89B-AB10E902F1D5}.Debug_Unicode|Win32.Build.0 = Debug_Unicode|Win32
		{BEC0CD2F-60CD-40E2-A89B-AB10E902F1D5}.Debug_Unicode|x64.ActiveCfg = Debug_Unicode|x64
		{BEC0CD2F-60CD-40E2-A89B-AB10E902F1D5}.Debug_Unicode|x64.Build.0 = Debug_Unicode|x64
		{BEC0CD2F-60CD-40E2-A89B-AB10E902F1D5}.Debug|Win32.ActiveCfg = Debug|Win32
		{BEC0CD2F-60CD-40E2-A89B-AB10E902F1D5}.Debug|Win32.Build.0 = Debug|Win32
		{BEC0CD2F-60CD-40E2-A89B-AB10E902F1D5}.Debug|x64.ActiveCfg = Debug|x64
		{BEC0CD2F-60CD-40E2-A89B-AB10E902F1D5}.Debug|x64.Build.0 = Debug|x64
		{BEC0CD2F-60CD-40E2-A89B-AB10E902F1D5}.Release_Unicode|Win32.ActiveCfg = Release_Unicode|Win32
		{BEC0CD2F-60CD-40E2-A89B-AB10E902F1D5}.Release_Unicode|Win32.Build.0 = Release_Unicode|Win32
		{BEC0CD2F-60CD-40E2-A89B-AB10E902F1D5}.Release_Unicode|x64.ActiveCfg = Release_Unicode|x64
		{BEC0CD2F-60CD-40E2-A89B-AB10E902F1D5}.Release_Unicode|x64.Build.0 = Release_Unicode|x64
		{BEC0CD2F-60CD-40E2-A89B-AB10E902F1D5}.Release|Win32.ActiveCfg = Release|Win32
		{BEC0CD2F-60CD-40E2-A89B-AB10E902F1D5}.Release|Win32.Build.0 = Release|Win32
		{BEC0CD2F-60CD-40E2-A89B-AB10E902F1D5}.Release|x64.ActiveCfg = Release|x64
		{BEC0CD2F-60CD-40E2-A89B-AB10E902F1D5}.Release|x64.Build.0 = Release|x64
		{B8E88AF6-0427-4839-88AC-0C6E12615B10}.Debug_Unicode|Win32.ActiveCfg = Debug_Unicode|Win32
		{B8E88AF6-0427-4839-88AC-0C6E12615B10}.Debug_Unicode|Win32.Build.0 = Debug_Unicode|Win32
		{B8E88AF6-0427-4839-88AC-0C6E12615B10}.Debug_Unicode|x64.ActiveCfg = Debug_Unicode|x64
		{B8E88AF6-0427-4839-88AC-0C6E12615B10}.Debug_Unicode|x64.Build.0 = Debug_Unicode|x64
		{B8E88AF6-0427-4839-88AC-0C6E12615B10}.Debug|Win32.ActiveCfg = Debug|Win32
		{B8E88AF6-0427-4839-88AC-0C6E12615B10}.Debug|Win32.Build.0 = Debug|Win32
		{B8E88AF6-0427-4839-88AC-0C6E12615B10}.Debug|x64.ActiveCfg = Debug|x64
		{B8E88AF6-0427-4839-88AC-0C6E12615B10}.Debug|x64.Build.0 = Debug|x64
		{B8E88AF6-0427-4839-88AC-0C6E12615B10}.Release_Unicode|Win32.ActiveCfg = Release_Unicode|Win32
		{B8E88AF6-0427-4839-88AC-0C6E12615B10}.Release_Unicode|Win32.Build.0 = Release_Unicode|Win32
		{B8E88AF6-0427-4839-88AC-0C6E12615B10}.Release_Unicode|x64.ActiveCfg = Release_Unicode|x64
		{B8E88AF6-0427-4839-88AC-0C6E12615B10}.Release_Unicode|x64.Build.0 = Release_Unicode|x64
		{B8E88AF6-0427-4839-88AC-0C6E12615B10}.Release|Win32.ActiveCfg = Release|Win32
		{B8E88AF6-0427-4839-88AC-0C6E12615B10}.Release|Win32.Build.0 = Release|Win32
		{B8E88AF6-0427-4839-88AC-0C6E12615B10}.Release|x64.ActiveCfg = Release|x64
		{B8E88AF6-0427-4839-88AC-0C6E12615B10}.Release|x64.Build.0 = Release|x64
		{1F8CC79C-876D-4A13-BA92-98A3A51B2749}.Debug_Unicode|Win32.ActiveCfg = Debug_Unicode|Win32
		{1F8CC79C-876D-4A13-BA92-98A3A51B2749}.Debug_Unicode|Win32.Build.0 = Debug_Unicode|Win32
		{1F8CC79C-876D-4A13-BA92-98A3A51B2749}.Debug_Unicode|x64.ActiveCfg = Debug_Unicode|x64
		{1F8CC79C-876D-4A13-BA92-98A3A51B2749}.Debug_Unicode|x64.Build.0 = Debug_Unicode|x64
		{1F8CC79C-876D-4A13-BA92-98A3A51B2749}.Debug|Win32.ActiveCfg = Debug|Win32
		{1F8CC79C-876D-4A13-BA92-98A3A51B2749}.Debug|Win32.Build.0 = Debug|Win32
		{1F8CC79C-876D-4A13-BA92-98A3A51B2749}.Debug|x64.ActiveCfg = Debug|x64
		{1F8CC79C-876D-4A13-BA92-98A3A51B2749}.Debug|x64.Build.0 = Debug|x64
		{1F8CC79C-876D-4A13-BA92-98A3A51B2749}.Release_Unicode|Win32.ActiveCfg = Release_Unicode|Win32
		{1F8CC79C-876D-4A13-BA92-98A3A51B2749}.Release_Unicode|Win32.Build.0 = Release_Unicode|Win32
		{1F8CC79C-876D-4A13-BA92-98A3A51B2749}.Release_Unicode|x64.ActiveCfg = Release_Unicode|x64
		{1F8CC79C-876D-4A13-BA92-98A3A51B2749}.Release_Unicode|x64.Build.0 = Release_Unicode|x64
		{1F8CC79C-876D-4A13-BA92-98A3A51B2749}.Release|Win32.ActiveCfg = Release|Win32
		{1F8CC79C-876D-4A13-BA92-98A3A51B2749}.Release|Win32.Build.0 = Release|Win32
		{1F8CC79C-876D-4A13-BA92-98A3A51B2749}.Release|x64.ActiveCfg = Release|x64
		{1F8CC79C-876D-4A13-BA92-98A3A51B2749}.Release|x64.Build.0 = Release|x64
		{FBCE50FB-C87B-4A28-9551-7D1BFDAA65EC}.Debug_Unicode|Win32.ActiveCfg = Debug_Unicode|Win32
		{FBCE50FB-C87B-4A28-9551-7D1BFDAA65EC}.Debug_Unicode|Win32.Build.0 = Debug_Unicode|Win32
		{FBCE50FB-C87B-4A28-9551-7D1BFDAA65EC}.Debug_Unicode|x64.ActiveCfg = Debug_Unicode|x64
		{FBCE50FB-C87B-4A28-9551-7D1BFDAA65EC}.Debug_Unicode|x64.Build.0 = Debug_Unicode|x64
		{FBCE50FB-C87B-4A28-9551-7D1BFDAA65EC}.Debug|Win32.ActiveCfg = Debug|Win32
		{FBCE50FB-C87B-4A28-9551-7D1BFDAA65EC}.Debug|Win32.Build.0 = Debug|Win32
		{FBCE50FB-C87B-4A28-9551-7D1BFDAA65EC}.Debug|x64.ActiveCfg = Debug|x64
		{FBCE50FB-C87B-4A28-9551-7D1BFDAA65EC}.Debug|x64.Build.0 = Debug|x64
		{FBCE50FB-C87B-4A28-9551-7D1BFDAA65EC}.Release_Unicode|Win32.ActiveCfg = Release_Unicode|Win32
		{FBCE50FB-C87B-4A28-9551-7D1BFDAA65EC}.Release_Unicode|Win32.Build.0 = Release_Unicode|Win32
		{FBCE50FB-C87B-4A28-9551-7D1BFDAA65EC}.Release_Unicode|x64.ActiveCfg = Release_Unicode|x64
		{FBCE50FB-C87B-4A28-9551-7D1BFDAA65EC}.Release_Unicode|x64.Build.0 = Release_Unicode|x64
		{FBCE50FB-C87B-4A28-9551-7D1BFDAA65EC}.Release|Win32.ActiveCfg = Release|Win32
		{FBCE50FB-C87B-4A28-9551-7D1BFDAA65EC}.Release|Win32.Build.0 = Release|Win32
		{FBCE50FB-C87B-4A28-9551-7D1BFDAA65EC}.Release|x64.ActiveCfg = Release|x64
		{FBCE50FB-C87B-4A28-9551-7D1BFDAA65EC}.Release|x64.Build.0 = Release|x64
		{94EF9EE0-6E68-4F5F-9174-D09896518894}.Debug_Unicode|Win32.ActiveCfg = Debug_Unicode|Win32
		{94EF9EE0-6E68-4F5F-9174-D09896518894}.Debug_Unicode|Win32.Build.0 = Debug_Unicode|Win32
		{94EF9EE0-6E68-4F5F-9174-D09896518894}.Debug_Unicode|x64.ActiveCfg = Debug_Unicode|x64
		{94EF9EE0-6E68-4F5F-9174-D09896518894}.Debug_Unicode|x64.Build.0 = Debug_Unicode|x64
		{94EF9EE0-6E68-4F5F-9174-D09896518894}.Debug|Win32.ActiveCfg = Debug|Win32
		{94EF9EE0-6E68-4F5F-9174-D09896518894}.Debug|Win32.Build.0 = Debug|Win32
		{94EF9EE0-6E68-4F5F-9174-D09896518894}.Debug|x64.ActiveCfg = Debug|x64
		{94EF9EE0-6E68-4F5F-9174-D09896518894}.Debug|x64.Build.0 = Debug|x64
		{94EF9EE0-6E68-4F5F-9174-D09896518894}.Release_Unicode|Win32.ActiveCfg = Release_Unicode|Win32
		{94EF9EE0-6E68-4F5F-9174-D09896518894}.Release_Unicode|Win32.Build.0 = Release_Unicode|Win32
		{94EF9EE0-6E68-4F5F-9174-D09896518894}.Release_Unicode|x64.ActiveCfg = Release_Unicode|x64
		{94EF9EE0-6E68-4F5F-9174-D09896518894}.Release_Unicode|x64.Build.0 = Release_Unicode|x64
		{94EF9EE0-6E68-4F5F-9174-D09896518894}.Release|Win32.ActiveCfg = Release|Win32
		{94EF9EE0-6E68-4F5F-9174-D09896518894}.Release|Win32.Build.0 = Release|Win32
		{94EF9EE0-6E68-4F5F-9174-D09896518894}.Release|x64.ActiveCfg = Release|x64
		{94EF9EE0-6E68-4F5F-9174-D09896518894}.Release|x64.Build.0 = Release|x64
		{0A878274-362D-4184-B5C6-A1C80D22A170}.Debug_Unicode|Win32.ActiveCfg = Debug_Unicode|Win32
		{0A878274-362D-4184-B5C6-A1C80D22A170}.Debug_Unicode|Win32.Build.0 = Debug_Unicode|Win32
		{0A878274-362D-4184-B5C6-A1C80D22A170}.Debug_Unicode|x64.ActiveCfg = Debug_Unicode|x64
		{0A878274-362D-4184-B5C6-A1C80D22A170}.Debug_Unicode|x64.Build.0 = Debug_Unicode|x64
		{0A878274-362D-4184-B5C6-A1C80D22A170}.Debug|Win32.ActiveCfg = Debug|Win32
		{0A878274-362D-4184-B5C6-A1C80D22A170}.Debug|Win32.Build.0 = Debug|Win32
		{0A878274-362D-4184-B5C6-A1C80D22A170}.Debug|x64.ActiveCfg = Debug|x64
		{0A878274-362D-4184-B5C6-A1C80D22A170}.Debug|x64.Build.0 = Debug|x64
		{0A878274-362D-4184-B5C6-A1C80D22A170}.Release_Unicode|Win32.ActiveCfg = Release_Unicode|Win32
		{0A878274-362D-4184-B5C6-A1C80D22A170}.Release_Unicode|Win32.Build.0 = Release_Unicode|Win32
		{0A878274-362D-4184-B5C6-A1C80D22A170}.Release_Unicode|x64.ActiveCfg = Release_Unicode|x64
		{0A878274-362D-4184-B5C6-A1C80D22A170}.Release_Unicode|x64.Build.0 = Release_Unicode|x64
		{0A878274-362D-4184-B5C6-A1C80D22A170}.Release|Win32.ActiveCfg = Release|Win32
		{0A878274-362D-4184-B5C6-A1C80D22A170}.Release|Win32.Build.0 = Release|Win32
		{0A878274-362D-4184-B5C6-A1C80D22A170}.Release|x64.ActiveCfg = Release|x64
		{0A878274-362D-4184-B5C6-A1C80D22A170}.Release|x64.Build.0 = Release|x64
		{040B829F-8ED6-4D35-9043-0DF31597F7FB}.Debug_Unicode|Win32.ActiveCfg = Debug_Unicode|Win32
		{040B829F-8ED6-4D35-9043-0DF31597F7FB}.Debug_Unicode|Win32.Build.0 = Debug_Unicode|Win32
		{040B829F-8ED6-4D35-9043-0DF31597F7FB}.Debug_Unicode|x64.ActiveCfg = Debug_Unicode|x64
		{040B829F-8ED6-4D35-9043-0DF31597F7FB}.Debug_Unicode|x64.Build.0 = Debug_Unicode|x64
		{040B829F-8ED6-4D35-9043-0DF31597F7FB}.Debug|Win32.ActiveCfg = Debug|Win32
		{040B829F-8ED6-4D35-9043-0DF31597F7FB}.Debug|Win32.Build.0 = Debug|Win32
		{040B829F-8ED6-4D35-9043-0DF31597F7FB}.Debug|x64.ActiveCfg = Debug|x64
		{040B829F-8ED6-4D35-9043-0DF31597F7FB}.Debug|x64.Build.0 = Debug|x64
		{040B829F-8ED6-4D35-9043-0DF31597F7FB}.Release_Unicode|Win32.ActiveCfg = Release_Unicode|Win32
		{040B829F-8ED6-4D35-9043-0DF31597F7FB}.Release_Unicode|Win32.Build.0 = Release_Unicode|Win32
		{040B829F-8ED6-4D35-9043-0DF31597F7FB}.Release_Unicode|x64.ActiveCfg = Release_Unicode|x64
		{040B829F-8ED6-4D35-9043-0DF31597F7FB}.Release_Unicode|x64.Build.0 = Release_Unicode|x64
		{040B829F-8ED6-4D35-9043-0DF31597F7FB}.Release|Win32.ActiveCfg = Release|Win32
		{040B829F-8ED6-4D35-9043-0DF31597F7FB}.Release|Win32.Build.0 = Release|Win32
		{040B829F-8ED6-4D35-9043-0DF31597F7FB}.Release|x64.ActiveCfg = Release|x64
		{040B829F-8ED6-4D35-9043-0DF31597F7FB}.Release|x64.Build.0 = Release|x64
		{C133DEF0-FAF5-4635-8D5A-2C789B424371}.Debug_Unicode|Win32.ActiveCfg = Debug_Unicode|Win32
		{C133DEF0-FAF5-4635-8D5A-2C789B424371}.Debug_Unicode|Win32.Build.0 = Debug_Unicode|Win32
		{C133DEF0-FAF5-4635-8D5A-2C789B424371}.Debug_Unicode|x64.ActiveCfg = Debug_Unicode|x64
		{C133DEF0-FAF5-4635-8D5A-2C789B424371}.Debug_Unicode|x64.Build.0 = Debug_Unicode|x64
		{C133DEF0-FAF5-4635-8D5A-2C789B424371}.Debug|Win32.ActiveCfg = Debug|Win32
		{C133DEF0-FAF5-4635-8D5A-2C789B424371}.Debug|Win32.Build.0 = Debug|Win32
		{C133DEF0-FAF5-4635-8D5A-2C789B424371}.Debug|x64.ActiveCfg = Debug|x64
		{C133DEF0-FAF5-4635-8D5A-2C789B424371}.Debug|x64.Build.0 = Debug|x64
		{C133DEF0-FAF5-4635-8D5A-2C789B424371}.Release_Unicode|Win32.ActiveCfg = Release_Unicode|Win32
		{C133DEF0-FAF5-4635-8D5A-2C789B424371}.Release_Unicode|Win32.Build.0 = Release_Unicode|Win32
		{C133DEF0-FAF5-4635-8D5A-2C789B424371}.Release_Unicode|x64.ActiveCfg = Release_Unicode|x64
		{C133DEF0-FAF5-4635-8D5A-2C789B424371}.Release_Unicode|x64.Build.0 = Release_Unicode|x64
		{C133DEF0-FAF5-4635-8D5A-2C789B424371}.Release|Win32.ActiveCfg = Release|Win32
		{C133DEF0-FAF5-4635-8D5A-2C789B424371}.Release|Win32.Build.0 = Release|Win32
		{C133DEF0-FAF5-4635-8D5A-2C789B424371}.Release|x64.ActiveCfg = Release|x64
		{C133DEF0-FAF5-4635-8D5A-2C789B424371}.Release|x64.Build.0 = Release|x64
		{CBD762A9-79BC-4AE7-8890-76360F539D76}.Debug_Unicode|Win32.ActiveCfg = Debug_Unicode|Win32
		{CBD762A9-79BC-4AE7-8890-76360F539D76}.Debug_Unicode|Win32.Build.0 = Debug_Unicode|Win32
		{CBD762A9-79BC-4AE7-8890-76360F539D76}.Debug_Unicode|x64.ActiveCfg = Debug_Unicode|x64
		{CBD762A9-79BC-4AE7-8890-76360F539D76}.Debug_Unicode|x64.Build.0 = Debug_Unicode|x64
		{CBD762A9-79BC-4AE7-8890-76360F539D76}.Debug|Win32.ActiveCfg = Debug|Win32
		{CBD762A9-79BC-4AE7-8890-76360F539D76}.Debug|Win32.Build.0 = Debug|Win32
		{CBD762A9-79BC-4AE7-8890-76360F539D76}.Debug|x64.ActiveCfg = Debug|x64
		{CBD762A9-79BC-4AE7-8890-76360F539D76}.Debug|x64.Build.0 = Debug|x64
		{CBD762A9-79BC-4AE7-8890-76360F539D76}.Release_Unicode|Win32.ActiveCfg = Release_Unicode|Win32
		{CBD762A9-79BC-4AE7-8890-76360F539D76}.Release_Unicode|Win32.Build.0 = Release_Unicode|Win32
		{CBD762A9-79BC-4AE7-8890-76360F539D76}.Release_Unicode|x64.ActiveCfg = Release_Unicode|x64
		{CBD762A9-79BC-4AE7-8890-76360F539D76}.Release_Unicode|x64.Build.0 = Release_Unicode|x64
		{CBD762A9-79BC-4AE7-8890-76360F539D76}.Release|Win32.ActiveCfg = Release|Win32
		{CBD762A9-79BC-4AE7-8890-76360F539D76}.Release|Win32.Build.0 = Release|Win32
		{CBD762A9-79BC-4AE7-8890-76360F539D76}.Release|x64.ActiveCfg = Release|x64
		{CBD762A9-79BC-4AE7-8890-76360F539D76}.Release|x64.Build.0 = Release|x64
		{D405C4A0-D62F-4EE7-96D2-76AD808C7319}.Debug_Unicode|Win32.ActiveCfg = Debug_Unicode|Win32
		{D405C4A0-D62F-4EE7-96D2-76AD808C7319}.Debug_Unicode|Win32.Build.0 = Debug_Unicode|Win32
		{D405C4A0-D62F-4EE7-96D2-76AD808C7319}.Debug_Unicode|x64.ActiveCfg = Debug_Unicode|x64
		{D405C4A0-D62F-4EE7-96D2-76AD808C7319}.Debug_Unicode|x64.Build.0 = Debug_Unicode|x64
		{D405C4A0-D62F-4EE7-96D2-76AD808C7319}.Debug|Win32.ActiveCfg = Debug|Win32
		{D405C4A0-D62F-4EE7-96D2-76AD808C7319}.Debug|Win32.Build.0 = Debug|Win32
		{D405C4A0-D62F-4EE7-96D2-76AD808C7319}.Debug|x64.ActiveCfg = Debug|x64
		{D405C4A0-D62F-4EE7-96D2-76AD808C7319}.Debug|x64.Build.0 = Debug|x64
		{D405C4A0-D62F-4EE7-96D2-76AD808C7319}.Release_Unicode|Win32.ActiveCfg = Release_Unicode|Win32
		{D405C4A0-D62F-4EE7-96D2-76AD808C7319}.Release_Unicode|Win32.Build.0 = Release_Unicode|Win32
		{D405C4A0-D62F-4EE7-96D2-76AD808C7319}.Release_Unicode|x64.ActiveCfg = Release_Unicode|x64
		{D405C4A0-D62F-4EE7-96D2-76AD808C7319}.Release_Unicode|x64.Build.0 = Release_Unicode|x64
		{D405C4A0-D62F-4EE7-96D2-76AD808C7319}.Release|Win32.ActiveCfg = Release|Win32
		{D405C4A0-D62F-4EE7-96D2-76AD808C7319}.Release|Win32.Build.0 = Release|Win32
		{D405C4A0-D62F-4EE7-96D2-76AD808C7319}.Release|x64.ActiveCfg = Release|x64
		{D405C4A0-D62F-4EE7-96D2-76AD808C7319}.Release|x64.Build.0 = Release|x64
		{F83D31E0-B607-4D3E-AF53-BA2A19BE17ED}.Debug_Unicode|Win32.ActiveCfg = Debug_Unicode|Win32
		{F83D31E0-B607-4D3E-AF53-BA2A19BE17ED}.Debug_Unicode|Win32.Build.0 = Debug_Unicode|Win32
		{F83D31E0-B607-4D3E-AF53-BA2A19BE17ED}.Debug_Unicode|x64.ActiveCfg = Debug_Unicode|x64
		{F83D31E0-B607-4D3E-AF53-BA2A19BE17ED}.Debug_Unicode|x64.Build.0 = Debug_Unicode|x64
		{F83D31E0-B607-4D3E-AF53-BA2A19BE17ED}.Debug|Win32.ActiveCfg = Debug|Win32
		{F83D31E0-B607-4D3E-AF53-BA2A19BE17ED}.Debug|Win32.Build.0 = Debug|Win32
		{F83D31E0-B607-4D3E-AF53-BA2A19BE17ED}.Debug|x64.ActiveCfg = Debug|x64
		{F83D31E0-B607-4D3E-AF53-BA2A19BE17ED}.Debug|x64.Build.0 = Debug|x64
		{F83D31E0-B607-4D3E-AF53-BA2A19BE17ED}.Release_Unicode|Win32.ActiveCfg = Release_Unicode|Win32
		{F83D31E0-B607-4D3E-AF53-BA2A19BE17ED}.Release_Unicode|Win32.Build.0 = Release_Unicode|Win32
		{F83D31E0-B607-4D3E-AF53-BA2A19BE17ED}.Release_Unicode|x64.ActiveCfg = Release_Unicode|x64
		{F83D31E0-B607-4D3E-AF53-BA2A19BE17ED}.Release_Unicode|x64.Build.0 = Release_Unicode|x64
		{F83D31E0-B607-4D3E-AF53-BA2A19BE17ED}.Release|Win32.ActiveCfg = Release|Win32
		{F83D31E0-B607-4D3E-AF53-BA2A19BE17ED}.Release|Win32.Build.0 = Release|Win32
		{F83D31E0-B607-4D3E-AF53-BA2A19BE17ED}.Release|x64.ActiveCfg = Release|x64
		{F83D31E0-B607-4D3E-AF53-BA2A19BE17ED}.Release|x64.Build.0 = Release|x64
		{7EFABA06-71CD-498F-BF10-C41A7D2DCF3B}.Debug_Unicode|Win32.ActiveCfg = Debug_Unicode|Win32
		{7EFABA06-71CD-498F-BF10-C41A7D2DCF3B}.Debug_Unicode|Win32.Build.0 = Debug_Unicode|Win32
		{7EFABA06-71CD-498F-BF10-C41A7D2DCF3B}.Debug_Unicode|x64.ActiveCfg = Debug_Unicode|x64
		{7EFABA06-71CD-498F-BF10-C41A7D2DCF3B}.Debug_Unicode|x64.Build.0 = Debug_Unicode|x64
		{7EFABA06-71CD-498F-BF10-C41A7D2DCF3B}.Debug|Win32.ActiveCfg = Debug|Win32
		{7EFABA06-71CD-498F-BF10-C41A7D2DCF3B}.Debug|Win32.Build.0 = Debug|Win32
		{7EFABA06-71CD-498F-BF10-C41A7D2DCF3B}.Debug|x64.ActiveCfg = Debug|x64
		{7EFABA06-71CD-498F-BF10-C41A7D2DCF3B}.Debug|x64.Build.0 = Debug|x64
		{7EFABA06-71CD-498F-BF10-C41A7D2DCF3B}.Release_Unicode|Win32.ActiveCfg = Release_Unicode|Win32
		{7EFABA06-71CD-498F-BF10-C41A7D2DCF3B}.Release_Unicode|Win32.Build.0 = Release_Unicode|Win32
		{7EFABA06-71CD-498F-BF10-C41A7D2DCF3B}.Release_Unicode|x64.ActiveCfg = Release_Unicode|x64
		{7EFABA06-71CD-498F-BF10-C41A7D2DCF3B}.Release_Unicode|x64.Build.0 = Release_Unicode|x64
		{7EFABA06-71CD-498F-BF10-C41A7D2DCF3B}.Release|Win32.ActiveCfg = Release|Win32
		{7EFABA06-71CD-498F-BF10-C41A7D2DCF3B}.Release|Win32.Build.0 = Release|Win32
		{7EFABA06-71CD-498F-BF10-C41A7D2DCF3B}.Release|x64.ActiveCfg = Release|x64
		{7EFABA06-71CD-498F-BF10-C41A7D2DCF3B}.Release|x64.Build.0 = Release|x64
		{AE4CF05D-9770-4BF2-BB73-1DA37E2A1508}.Debug_Unicode|Win32.ActiveCfg = Debug_Unicode|Win32
		{AE4CF05D-9770-4BF2-BB73-1DA37E2A1508}.Debug_Unicode|Win32.Build.0 = Debug_Unicode|Win32
		{AE4CF05D-9770-4BF2-BB73-1DA37E2A1508}.Debug_Unicode|x64.ActiveCfg = Debug_Unicode|x64
		{AE4CF05D-9770-4BF2-BB73-1DA37E2A1508}.Debug_Unicode|x64.Build.0 = Debug_Unicode|x64
		{AE4CF05D-9770-4BF2-BB73-1DA37E2A1508}.Debug|Win32.ActiveCfg = Debug|Win32
		{AE4CF05D-9770-4BF2-BB73-1DA37E2A1508}.Debug|Win32.Build.0 = Debug|Win32
		{AE4CF05D-9770-4BF2-BB73-1DA37E2A1508}.Debug|x64.ActiveCfg = Debug|x64
		{AE4CF05D-9770-4BF2-BB73-1DA37E2A1508}.Debug|x64.Build.0 = Debug|x64
		{AE4CF05D-9770-4BF2-BB73-1DA37E2A1508}.Release_Unicode|Win32.ActiveCfg = Release_Unicode|Win32
		{AE4CF05D-9770-4BF2-BB73-1DA37E2A1508}.Release_Unicode|Win32.Build.0 = Release_Unicode|Win32
		{AE4CF05D-9770-4BF2-BB73-1DA37E2A1508}.Release_Unicode|x64.ActiveCfg = Release_Unicode|x64
		{AE4CF05D-9770-4BF2-BB73-1DA37E2A1508}.Release_Unicode|x64.Build.0 = Release_Unicode|x64
		{AE4CF05D-9770-4BF2-BB73-1DA37E2A1508}.Release|Win32.ActiveCfg = Release|Win32
		{AE4CF05D-9770-4BF2-BB73-1DA37E2A1508}.Release|Win32.Build.0 = Release|Win32
		{AE4CF05D-9770-4BF2-BB73-1DA37E2A1508}.Release|x64.ActiveCfg = Release|x64
		{AE4CF05D-9770-4BF2-BB73-1DA37E2A1508}.Release|x64.Build.0 = Release|x64
		{C0C6F651-99D8-404E-B2EC-507B261E820C}.Debug_Unicode|Win32.ActiveCfg = Debug_Unicode|Win32
		{C0C6F651-99D8-404E-B2EC-507B261E820C}.Debug_Unicode|Win32.Build.0 = Debug_Unicode|Win32
		{C0C6F651-99D8-404E-B2EC-507B261E820C}.Debug_Unicode|x64.ActiveCfg = Debug_Unicode|x64
		{C0C6F651-99D8-404E-B2EC-507B261E820C}.Debug_Unicode|x64.Build.0 = Debug_Unicode|x64
		{C0C6F651-99D8-404E-B2EC-507B261E820C}.Debug|Win32.ActiveCfg = Debug|Win32
		{C0C6F651-99D8-404E-B2EC-507B261E820C}.Debug|Win32.Build.0 = Debug|Win32
		{C0C6F651-99D8-404E-B2EC-507B261E820C}.Debug|x64.ActiveCfg = Debug|x64
		{C0C6F651-99D8-404E-B2EC-507B261E820C}.Debug|x64.Build.0 = Debug|x64
		{C0C6F651-99D8-404E-B2EC-507B261E820C}.Release_Unicode|Win32.ActiveCfg = Release_Unicode|Win32
		{C0C6F651-99D8-404E-B2EC-507B261E820C}.Release_Unicode|Win32.Build.0 = Release_Unicode|Win32
		{C0C6F651-99D8-404E-B2EC-507B261E820C}.Release_Unicode|x64.ActiveCfg = Release_Unicode|x64
		{C0C6F651-99D8-404E-B2EC-507B261E820C}.Release_Unicode|x64.Build.0 = Release_Unicode|x64
		{C0C6F651-99D8-404E-B2EC-507B261E820C}.Release|Win32.ActiveCfg = Release|Win32
		{C0C6F651-99D8-404E-B2EC-507B261E820C}.Release|Win32.Build.0 = Release|Win32
		{C0C6F651-99D8-404E-B2EC-507B261E820C}.Release|x64.ActiveCfg = Release|x64
		{C0C6F651-99D8-404E-B2EC-507B261E820C}.Release|x64.Build.0 = Release|x64
		{18B64AA1-A2F7-46BE-8D48-7882AA471FA9}.Debug_Unicode|Win32.ActiveCfg = Debug_Unicode|Win32
		{18B64AA1-A2F7-46BE-8D48-7882AA471FA9}.Debug_Unicode|Win32.Build.0 = Debug_Unicode|Win32
		{18B64AA1-A2F7-46BE-8D48-7882AA471FA9}.Debug_Unicode|x64.ActiveCfg = Debug_Unicode|x64
		{18B64AA1-A2F7-46BE-8D48-7882AA471FA9}.Debug_Unicode|x64.Build.0 = Debug_Unicode|x64
		{18B64AA1-A2F7-46BE-8D48-7882AA471FA9}.Debug|Win32.ActiveCfg = Debug|Win32
		{18B64AA1-A2F7-46BE-8D48-7882AA471FA9}.Debug|Win32.Build.0 = Debug|Win32
		{18B64AA1-A2F7-46BE-8D48-7882AA471FA9}.Debug|x64.ActiveCfg = Debug|x64
		{18B64AA1-A2F7-46BE-8D48-7882AA471FA9}.Debug|x64.Build.0 = Debug|x64
		{18B64AA1-A2F7-46BE-8D48-7882AA471FA9}.Release_Unicode|Win32.ActiveCfg = Release_Unicode|Win32
		{18B64AA1-A2F7-46BE-8D48-7882AA471FA9}.Release_Unicode|Win32.Build.0 = Release_Unicode|Win32
		{18B64AA1-A2F7-46BE-8D48-7882AA471FA9}.Release_Unicode|x64.ActiveCfg = Release_Unicode|x64
		{18B64AA1-A2F7-46BE-8D48-7882AA471FA9}.Release_Unicode|x64.Build.0 = Release_Unicode|x64
		{18B64AA1-A2F7-46BE-8D48-7882AA471FA9}.Release|Win32.ActiveCfg = Release|Win32
		{18B64AA1-A2F7-46BE-8D48-7882AA471FA9}.Release|Win32.Build.0 = Release|Win32
		{18B64AA1-A2F7-46BE-8D48-7882AA471FA9}.Release|x64.ActiveCfg = Release|x64
		{18B64AA1-A2F7-46BE-8D48-7882AA471FA9}.Release|x64.Build.0 = Release|x64
		{7C361308-3FC8-45AF-9362-1A7C75E7F277}.Debug_Unicode|Win32.ActiveCfg = Debug_Unicode|Win32
		{7C361308-3FC8-45AF-9362-1A7C75E7F277}.Debug_Unicode|Win32.Build.0 = Debug_Unicode|Win32
		{7C361308-3FC8-45AF-9362-1A7C75E7F277}.Debug_Unicode|x64.ActiveCfg = Debug_Unicode|x64
		{7C361308-3FC8-45AF-9362-1A7C75E7F277}.Debug_Unicode|x64.Build.0 = Debug_Unicode|x64
		{7C361308-3FC8-45AF-9362-1A7C75E7F277}.Debug|Win32.ActiveCfg = Debug|Win32
		{7C361308-3FC8-45AF-9362-1A7C75E7F277}.Debug|Win32.Build.0 = Debug|Win32
		{7C361308-3FC8-45AF-9362-1A7C75E7F277}.Debug|x64.ActiveCfg = Debug|x64
		{7C361308-3FC8-45AF-9362-1A7C75E7F277}.Debug|x64.Build.0 = Debug|x64
		{7C361308-3FC8-45AF-9362-1A7C75E7F277}.Release_Unicode|Win32.ActiveCfg = Release_Unicode|Win32
		{7C361308-3FC8-45AF-9362-1A7C75E7F277}.Release_Unicode|Win32.Build.0 = Release_Unicode|Win32
		{7C361308-3FC8-45AF-9362-1A7C75E7F277}.Release_Unicode|x64.ActiveCfg = Release_Unicode|x64
		{7C361308-3FC8-45AF-9362-1A7C75E7F277}.Release_Unicode|x64.Build.0 = Release_Unicode|x64
		{7C361308-3FC8-45AF-9362-1A7C75E7F277}.Release|Win32.ActiveCfg = Release|Win32
		{7C361308-3FC8-45AF-9362-1A7C75E7F277}.Release|Win32.Build.0 = Release|Win32
		{7C361308-3FC8-45AF-9362-1A7C75E7F277}.Release|x64.ActiveCfg = Release|x64
		{7C361308-3FC8-45AF-9362-1A7C75E7F277}.Release|x64.Build.0 = Release|x64
		{44D4D0A3-FAFA-4134-9806-BCB830594E28}.Debug_Unicode|Win32.ActiveCfg = Debug_Unicode|Win32
		{44D4D0A3-FAFA-4134-9806-BCB830594E28}.Debug_Unicode|Win32.Build.0 = Debug_Unicode|Win32
		{44D4D0A3-FAFA-4134-9806-BCB830594E28}.Debug_Unicode|x64.ActiveCfg = Debug_Unicode|x64
		{44D4D0A3-FAFA-4134-9806-BCB830594E28}.Debug_Unicode|x64.Build.0 = Debug_Unicode|x64
		{44D4D0A3-FAFA-4134-9806-BCB830594E28}.Debug|Win32.ActiveCfg = Debug|Win32
		{44D4D0A3-FAFA-4134-9806-BCB830594E28}.Debug|Win32.Build.0 = Debug|Win32
		{44D4D0A3-FAFA-4134-9806-BCB830594E28}.Debug|x64.ActiveCfg = Debug|x64
		{44D4D0A3-FAFA-4134-9806-BCB830594E28}.Debug|x64.Build.0 = Debug|x64
		{44D4D0A3-FAFA-4134-9806-BCB830594E28}.Release_Unicode|Win32.ActiveCfg = Release_Unicode|Win32
		{44D4D0A3-FAFA-4134-9806-BCB830594E28}.Release_Unicode|Win32.Build.0 = Release_Unicode|Win32
		{44D4D0A3-FAFA-4134-9806-BCB830594E28}.Release_Unicode|x64.ActiveCfg = Release_Unicode|x64
		{44D4D0A3-FAFA-4134-9806-BCB830594E28}.Release_Unicode|x64.Build.0 = Release_Unicode|x64
		{44D4D0A3-FAFA-4134-9806-BCB830594E28}.Release|Win32.ActiveCfg = Release|Win32
		{44D4D0A3-FAFA-4134-9806-BCB830594E28}.Release|Win32.Build.0 = Release|Win32
		{44D4D0A3-FAFA-4134-9806-BCB830594E28}.Release|x64.ActiveCfg = Release|x64
		{44D4D0A3-FAFA-4134-9806-BCB830594E28}.Release|x64.Build.0 = Release|x64
		{0F01EBDC-F988-41DD-BDA8-247DBC870F6B}.Debug_Unicode|Win32.ActiveCfg = Debug_Unicode|Win32
		{0F01EBDC-F988-41DD-BDA8-247DBC870F6B}.Debug_Unicode|Win32.Build.0 = Debug_Unicode|Win32
		{0F01EBDC-F988-41DD-BDA8-247DBC870F6B}.Debug_Unicode|x64.ActiveCfg = Debug_Unicode|x64
		{0F01EBDC-F988-41DD-BDA8-247DBC870F6B}.Debug_Unicode|x64.Build.0 = Debug_Unicode|x64
		{0F01EBDC-F988-41DD-BDA8-247DBC870F6B}.Debug|Win32.ActiveCfg = Debug|Win32
		{0F01EBDC-F988-41DD-BDA8-247DBC870F6B}.Debug|Win32.Build.0 = Debug|Win32
		{0F01EBDC-F988-41DD-BDA8-247DBC870F6B}.Debug|x64.ActiveCfg = Debug|x64
		{0F01EBDC-F988-41DD-BDA8-247DBC870F6B}.Debug|x64.Build.0 = Debug|x64
		{0F01EBDC-F988-41DD-BDA8-247DBC870F6B}.Release_Unicode|Win32.ActiveCfg = Release_Unicode|Win32
		{0F01EBDC-F988-41DD-BDA8-247DBC870F6B}.Release_Unicode|Win32.Build.0 = Release_Unicode|Win32
		{0F01EBDC-F988-41DD-BDA8-247DBC870F6B}.Release_Unicode|x64.ActiveCfg = Release_Unicode|x64
		{0F01EBDC-F988-41DD-BDA8-247DBC870F6B}.Release_Unicode|x64.Build.0 = Release_Unicode|x64
		{0F01EBDC-F988-41DD-BDA8-247DBC870F6B}.Release|Win32.ActiveCfg = Release|Win32
		{0F01EBDC-F988-41DD-BDA8-247DBC870F6B}.Release|Win32.Build.0 = Release|Win32
		{0F01EBDC-F988-41DD-BDA8-247DBC870F6B}.Release|x64.ActiveCfg = Release|x64
		{0F01EBDC-F988-41DD-BDA8-247DBC870F6B}.Release|x64.Build.0 = Release|x64
		{87AA80A2-624C-420A-BBA7-4A68AB894AB3}.Debug_Unicode|Win32.ActiveCfg = Debug_Unicode|Win32
		{87AA80A2-624C-420A-BBA7-4A68AB894AB3}.Debug_Unicode|Win32.Build.0 = Debug_Unicode|Win32
		{87AA80A2-624C-420A-BBA7-4A68AB894AB3}.Debug_Unicode|x64.ActiveCfg = Debug_Unicode|x64
		{87AA80A2-624C-420A-BBA7-4A68AB894AB3}.Debug_Unicode|x64.Build.0 = Debug_Unicode|x64
		{87AA80A2-624C-420A-BBA7-4A68AB894AB3}.Debug|Win32.ActiveCfg = Debug|Win32
		{87AA80A2-624C-420A-BBA7-4A68AB894AB3}.Debug|Win32.Build.0 = Debug|Win32
		{87AA80A2-624C-420A-BBA7-4A68AB894AB3}.Debug|x64.ActiveCfg = Debug|x64
		{87AA80A2-624C-420A-BBA7-4A68AB894AB3}.Debug|x64.Build.0 = Debug|x64
		{87AA80A2-624C-420A-BBA7-4A68AB894AB3}.Release_Unicode|Win32.ActiveCfg = Release_Unicode|Win32
		{87AA80A2-624C-420A-BBA7-4A68AB894AB3}.Release_Unicode|Win32.Build.0 = Release_Unicode|Win32
		{87AA80A2-624C-420A-BBA7-4A68AB894AB3}.Release_Unicode|x64.ActiveCfg = Release_Unicode|x64
		{87AA80A2-624C-420A-BBA7-4A68AB894AB3}.Release_Unicode|x64.Build.0 = Release_Unicode|x64
		{87AA80A2-624C-420A-BBA7-4A68AB894AB3}.Release|Win32.ActiveCfg = Release|Win32
		{87AA80A2-624C-420A-BBA7-4A68AB894AB3}.Release|Win32.Build.0 = Release|Win32
		{87AA80A2-624C-420A-BBA7-4A68AB894AB3}.Release|x64.ActiveCfg = Release|x64
		{87AA80A2-624C-420A-BBA7-4A68AB894AB3}.Release|x64.Build.0 = Release|x64
		{1A39C4C2-0160-42C4-8E81-4D5AAE1A3412}.Debug_Unicode|Win32.ActiveCfg = Debug_Unicode|Win32
		{1A39C4C2-0160-42C4-8E81-4D5AAE1A3412}.Debug_Unicode|Win32.Build.0 = Debug_Unicode|Win32
		{1A39C4C2-0160-42C4-8E81-4D5AAE1A3412}.Debug_Unicode|x64.ActiveCfg = Debug_Unicode|x64
		{1A39C4C2-0160-42C4-8E81-4D5AAE1A3412}.Debug_Unicode|x64.Build.0 = Debug_Unicode|x64
		{1A39C4C2-0160-42C4-8E81-4D5AAE1A3412}.Debug|Win32.ActiveCfg = Debug|Win32
		{1A39C4C2-0160-42C4-8E81-4D5AAE1A3412}.Debug|Win32.Build.0 = Debug|Win32
		{1A39C4C2-0160-42C4-8E81-4D5AAE1A3412}.Debug|x64.ActiveCfg = Debug|x64
		{1A39C4C2-0160-42C4-8E81-4D5AAE1A3412}.Debug|x64.Build.0 = Debug|x64
		{1A39C4C2-0160-42C4-8E81-4D5AAE1A3412}.Release_Unicode|Win32.ActiveCfg = Release_Unicode|Win32
		{1A39C4C2-0160-42C4-8E81-4D5AAE1A3412}.Release_Unicode|Win32.Build.0 = Release_Unicode|Win32
		{1A39C4C2-0160-42C4-8E81-4D5AAE1A3412}.Release_Unicode|x64.ActiveCfg = Release_Unicode|x64
		{1A39C4C2-0160-42C4-8E81-4D5AAE1A3412}.Release_Unicode|x64.Build.0 = Release_Unicode|x64
		{1A39C4C2-0160-42C4-8E81-4D5AAE1A3412}.Release|Win32.ActiveCfg = Release|Win32
		{1A39C4C2-0160-42C4-8E81-4D5AAE1A3412}.Release|Win32.Build.0 = Release|Win32
		{1A39C4C2-0160-42C4-8E81-4D5AAE1A3412}.Release|x64.ActiveCfg = Release|x64
		{1A39C4C2-0160-42C4-8E81-4D5AAE1A3412}.Release|x64.Build.0 = Release|x64
		{E64A222C-7489-44F6-88E0-EC95D9B61F6B}.Debug_Unicode|Win32.ActiveCfg = Debug_Unicode|Win32
		{E64A222C-7489-44F6-88E0-EC95D9B61F6B}.Debug_Unicode|Win32.Build.0 = Debug_Unicode|Win32
		{E64A222C-7489-44F6-88E0-EC95D9B61F6B}.Debug_Unicode|x64.ActiveCfg = Debug_Unicode|x64
		{E64A222C-7489-44F6-88E0-EC95D9B61F6B}.Debug_Unicode|x64.Build.0 = Debug_Unicode|x64
		{E64A222C-7489-44F6-88E0-EC95D9B61F6B}.Debug|Win32.ActiveCfg = Debug|Win32
		{E64A222C-7489-44F6-88E0-EC95D9B61F6B}.Debug|Win32.Build.0 = Debug|Win32
		{E64A222C-7489-44F6-88E0-EC95D9B61F6B}.Debug|x64.ActiveCfg = Debug|x64
		{E64A222C-7489-44F6-88E0-EC95D9B61F6B}.Debug|x64.Build.0 = Debug|x64
		{E64A222C-7489-44F6-88E0-EC95D9B61F6B}.Release_Unicode|Win32.ActiveCfg = Release_Unicode|Win32
		{E64A222C-7489-44F6-88E0-EC95D9B61F6B}.Release_Unicode|Win32.Build.0 = Release_Unicode|Win32
		{E64A222C-7489-44F6-88E0-EC95D9B61F6B}.Release_Unicode|x64.ActiveCfg = Release_Unicode|x64
		{E64A222C-7489-44F6-88E0-EC95D9B61F6B}.Release_Unicode|x64.Build.0 = Release_Unicode|x64
		{E64A222C-7489-44F6-88E0-EC95D9B61F6B}.Release|Win32.ActiveCfg = Release|Win32
		{E64A222C-7489-44F6-88E0-EC95D9B61F6B}.Release|Win32.Build.0 = Release|Win32
		{E64A222C-7489-44F6-88E0-EC95D9B61F6B}.Release|x64.ActiveCfg = Release|x64
		{E64A222C-7489-44F6-88E0-EC95D9B61F6B}.Release|x64.Build.0 = Release|x64
		{07819E3A-C60E-4FA6-9EB6-820EAA21F327}.Debug_Unicode|Win32.ActiveCfg = Debug_Unicode|Win32
		{07819E3A-C60E-4FA6-9EB6-820EAA21F327}.Debug_Unicode|Win32.Build.0 = Debug_Unicode|Win32
		{07819E3A-C60E-4FA6-9EB6-820EAA21F327}.Debug_Unicode|x64.ActiveCfg = Debug_Unicode|x64
		{07819E3A-C60E-4FA6-9EB6-820EAA21F327}.Debug_Unicode|x64.Build.0 = Debug_Unicode|x64
		{07819E3A-C60E-4FA6-9EB6-820EAA21F327}.Debug|Win32.ActiveCfg = Debug|Win32
		{07819E3A-C60E-4FA6-9EB6-820EAA21F327}.Debug|Win32.Build.0 = Debug|Win32
		{07819E3A-C60E-4FA6-9EB6-820EAA21F327}.Debug|x64.ActiveCfg = Debug|x64
		{07819E3A-C60E-4FA6-9EB6-820EAA21F327}.Debug|x64.Build.0 = Debug|x64
		{07819E3A-C60E-4FA6-9EB6-820EAA21F327}.Release_Unicode|Win32.ActiveCfg = Release_Unicode|Win32
		{07819E3A-C60E-4FA6-9EB6-820EAA21F327}.Release_Unicode|Win32.Build.0 = Release_Unicode|Win32
		{07819E3A-C60E-4FA6-9EB6-820EAA21F327}.Release_Unicode|x64.ActiveCfg = Release_Unicode|x64
		{07819E3A-C60E-4FA6-9EB6-820EAA21F327}.Release_Unicode|x64.Build.0 = Release_Unicode|x64
		{07819E3A-C60E-4FA6-9EB6-820EAA21F327}.Release|Win32.ActiveCfg = Release|Win32
		{07819E3A-C60E-4FA6-9EB6-820EAA21F327}.Release|Win32.Build.0 = Release|Win32
		{07819E3A-C60E-4FA6-9EB6-820EAA21F327}.Release|x64.ActiveCfg = Release|x64
		{07819E3A-C60E-4FA6-9EB6-820EAA21F327}.Release|x64.Build.0 = Release|x64
		{4428C51A-6903-47E9-AECD-B2F2D4C040DE}.Debug_Unicode|Win32.ActiveCfg = Debug_Unicode|Win32
		{4428C51A-6903-47E9-AECD-B2F2D4C040DE}.Debug_Unicode|Win32.Build.0 = Debug_Unicode|Win32
		{4428C51A-6903-47E9-AECD-B2F2D4C040DE}.Debug_Unicode|x64.ActiveCfg = Debug_Unicode|x64
		{4428C51A-6903-47E9-AECD-B2F2D4C040DE}.Debug_Unicode|x64.Build.0 = Debug_Unicode|x64
		{4428C51A-6903-47E9-AECD-B2F2D4C040DE}.Debug|Win32.ActiveCfg = Debug|Win32
		{4428C51A-6903-47E9-AECD-B2F2D4C040DE}.Debug|Win32.Build.0 = Debug|Win32
		{4428C51A-6903-47E9-AECD-B2F2D4C040DE}.Debug|x64.ActiveCfg = Debug|x64
		{4428C51A-6903-47E9-AECD-B2F2D4C040DE}.Debug|x64.Build.0 = Debug|x64
		{4428C51A-6903-47E9-AECD-B2F2D4C040DE}.Release_Unicode|Win32.ActiveCfg = Release_Unicode|Win32
		{4428C51A-6903-47E9-AECD-B2F2D4C040DE}.Release_Unicode|Win32.Build.0 = Release_Unicode|Win32
		{4428C51A-6903-47E9-AECD-B2F2D4C040DE}.Release_Unicode|x64.ActiveCfg = Release_Unicode|x64
		{4428C51A-6903-47E9-AECD-B2F2D4C040DE}.Release_Unicode|x64.Build.0 = Release_Unicode|x64
		{4428C51A-6903-47E9-AECD-B2F2D4C040DE}.Release|Win32.ActiveCfg = Release|Win32
		{4428C51A-6903-47E9-AECD-B2F2D4C040DE}.Release|Win32.Build.0 = Release|Win32
		{4428C51A-6903-47E9-AECD-B2F2D4C040DE}.Release|x64.ActiveCfg = Release|x64
		{4428C51A-6903-47E9-AECD-B2F2D4C040DE}.Release|x64.Build.0 = Release|x64
		{A1F3A775-26C1-4842-A652-67FB66D94CFD}.Debug_Unicode|Win32.ActiveCfg = Debug_Unicode|Win32
		{A1F3A775-26C1-4842-A652-67FB66D94CFD}.Debug_Unicode|Win32.Build.0 = Debug_Unicode|Win32
		{A1F3A775-26C1-4842-A652-67FB66D94CFD}.Debug_Unicode|x64.ActiveCfg = Debug_Unicode|x64
		{A1F3A775-26C1-4842-A652-67FB66D94CFD}.Debug_Unicode|x64.Build.0 = Debug_Unicode|x64
		{A1F3A775-26C1-4842-A652-67FB66D94CFD}.Debug|Win32.ActiveCfg = Debug|Win32
		{A1F3A775-26C1-4842-A652-67FB66D94CFD}.Debug|Win32.Build.0 = Debug|Win32
		{A1F3A775-26C1-4842-A652-67FB66D94CFD}.Debug|x64.ActiveCfg = Debug|x64
		{A1F3A775-26C1-4842-A652-67FB66D94CFD}.Debug|x64.Build.0 = Debug|x64
		{A1F3A775-26C1-4842-A652-67FB66D94CFD}.Release_Unicode|Win32.ActiveCfg = Release_Unicode|Win32
		{A1F3A775-26C1-4842-A652-67FB66D94CFD}.Release_Unicode|Win32.Build.0 = Release_Unicode|Win32
		{A1F3A775-26C1-4842-A652-67FB66D94CFD}.Release_Unicode|x64.ActiveCfg = Release_Unicode|x64
		{A1F3A775-26C1-4842-A652-67FB66D94CFD}.Release_Unicode|x64.Build.0 = Release_Unicode|x64
		{A1F3A775-26C1-4842-A652-67FB66D94CFD}.Release|Win32.ActiveCfg = Release|Win32
		{A1F3A775-26C1-4842-A652-67FB66D94CFD}.Release|Win32.Build.0 = Release|Win32
		{A1F3A775-26C1-4842-A652-67FB66D94CFD}.Release|x64.ActiveCfg = Release|x64
		{A1F3A775-26C1-4842-A652-67FB66D94CFD}.Release|x64.Build.0 = Release|x64
		{052E825A-8D84-46C6-A10E-D8F6EEECF441}.Debug_Unicode|Win32.ActiveCfg = Debug_Unicode|Win32
		{052E825A-8D84-46C6-A10E-D8F6EEECF441}.Debug_Unicode|Win32.Build.0 = Debug_Unicode|Win32
		{052E825A-8D84-46C6-A10E-D8F6EEECF441}.Debug_Unicode|x64.ActiveCfg = Debug_Unicode|x64
		{052E825A-8D84-46C6-A10E-D8F6EEECF441}.Debug_Unicode|x64.Build.0 = Debug_Unicode|x64
		{052E825A-8D84-46C6-A10E-D8F6EEECF441}.Debug|Win32.ActiveCfg = Debug|Win32
		{052E825A-8D84-46C6-A10E-D8F6EEECF441}.Debug|Win32.Build.0 = Debug|Win32
		{052E825A-8D84-46C6-A10E-D8F6EEECF441}.Debug|x64.ActiveCfg = Debug|x64
		{052E825A-8D84-46C6-A10E-D8F6EEECF441}.Debug|x64.Build.0 = Debug|x64
		{052E825A-8D84-46C6-A10E-D8F6EEECF441}.Release_Unicode|Win32.ActiveCfg = Release_Unicode|Win32
		{052E825A-8D84-46C6-A10E-D8F6EEECF441}.Release_Unicode|Win32.Build.0 = Release_Unicode|Win32
		{052E825A-8D84-46C6-A10E-D8F6EEECF441}.Release_Unicode|x64.ActiveCfg = Release_Unicode|x64
		{052E825A-8D84-46C6-A10E-D8F6EEECF441}.Release_Unicode|x64.Build.0 = Release_Unicode|x64
		{052E825A-8D84-46C6-A10E-D8F6EEECF441}.Release|Win32.ActiveCfg = Release|Win32
		{052E825A-8D84-46C6-A10E-D8F6EEECF441}.Release|Win32.Build.0 = Release|Win32
		{052E825A-8D84-46C6-A10E-D8F6EEECF441}.Release|x64.ActiveCfg = Release|x64
		{052E825A-8D84-46C6-A10E-D8F6EEECF441}.Release|x64.Build.0 = Release|x64
		{7C1B81EB-9931-401E-897D-80FDB66EAD2D}.Debug_Unicode|Win32.ActiveCfg = Debug_Unicode|Win32
		{7C1B81EB-9931-401E-897D-80FDB66EAD2D}.Debug_Unicode|Win32.Build.0 = Debug_Unicode|Win32
		{7C1B81EB-9931-401E-897D-80FDB66EAD2D}.Debug_Unicode|x64.ActiveCfg = Debug_Unicode|x64
		{7C1B81EB-9931-401E-897D-80FDB66EAD2D}.Debug_Unicode|x64.Build.0 = Debug_Unicode|x64
		{7C1B81EB-9931-401E-897D-80FDB66EAD2D}.Debug|Win32.ActiveCfg = Debug|Win32
		{7C1B81EB-9931-401E-897D-80FDB66EAD2D}.Debug|Win32.Build.0 = Debug|Win32
		{7C1B81EB-9931-401E-897D-80FDB66EAD2D}.Debug|x64.ActiveCfg = Debug|x64
		{7C1B81EB-9931-401E-897D-80FDB66EAD2D}.Debug|x64.Build.0 = Debug|x64
		{7C1B81EB-9931-401E-897D-80FDB66EAD2D}.Release_Unicode|Win32.ActiveCfg = Release_Unicode|Win32
		{7C1B81EB-9931-401E-897D-80FDB66EAD2D}.Release_Unicode|Win32.Build.0 = Release_Unicode|Win32
		{7C1B81EB-9931-401E-897D-80FDB66EAD2D}.Release_Unicode|x64.ActiveCfg = Release_Unicode|x64
		{7C1B81EB-9931-401E-897D-80FDB66EAD2D}.Release_Unicode|x64.Build.0 = Release_Unicode|x64
		{7C1B81EB-9931-401E-897D-80FDB66EAD2D}.Release|Win32.ActiveCfg = Release|Win32
		{7C1B81EB-9931-401E-897D-80FDB66EAD2D}.Release|Win32.Build.0 = Release|Win32
		{7C1B81EB-9931-401E-897D-80FDB66EAD2D}.Release|x64.ActiveCfg = Release|x64
		{7C1B81EB-9931-401E-897D-80FDB66EAD2D}.Release|x64.Build.0 = Release|x64
		{18791CDA-136A-49D1-84FE-69CD0A7F13A9}.Debug_Unicode|Win32.ActiveCfg = Debug_Unicode|Win32
		{18791CDA-136A-49D1-84FE-69CD0A7F13A9}.Debug_Unicode|Win32.Build.0 = Debug_Unicode|Win32
		{18791CDA-136A-49D1-84FE-69CD0A7F13A9}.Debug_Unicode|x64.ActiveCfg = Debug_Unicode|x64
		{18791CDA-136A-49D1-84FE-69CD0A7F13A9}.Debug_Unicode|x64.Build.0 = Debug_Unicode|x64
		{18791CDA-136A-49D1-84FE-69CD0A7F13A9}.Debug|Win32.ActiveCfg = Debug|Win32
		{18791CDA-136A-49D1-84FE-69CD0A7F13A9}.Debug|Win32.Build.0 = Debug|Win32
		{18791CDA-136A-49D1-84FE-69CD0A7F13A9}.Debug|x64.ActiveCfg = Debug|x64
		{18791CDA-136A-49D1-84FE-69CD0A7F13A9}.Debug|x64.Build.0 = Debug|x64
		{18791CDA-136A-49D1-84FE-69CD0A7F13A9}.Release_Unicode|Win32.ActiveCfg = Release_Unicode|Win32
		{18791CDA-136A-49D1-84FE-69CD0A7F13A9}.Release_Unicode|Win32.Build.0 = Release_Unicode|Win32
		{18791CDA-136A-49D1-84FE-69CD0A7F13A9}.Release_Unicode|x64.ActiveCfg = Release_Unicode|x64
		{18791CDA-136A-49D1-84FE-69CD0A7F13A9}.Release_Unicode|x64.Build.0 = Release_Unicode|x64
		{18791CDA-136A-49D1-84FE-69CD0A7F13A9}.Release|Win32.ActiveCfg = Release|Win32
		{18791CDA-136A-49D1-84FE-69CD0A7F13A9}.Release|Win32.Build.0 = Release|Win32
		{18791CDA-136A-49D1-84FE-69CD0A7F13A9}.Release|x64.ActiveCfg = Release|x64
		{18791CDA-136A-49D1-84FE-69CD0A7F13A9}.Release|x64.Build.0 = Release|x64
		{EC65FE25-C6DB-42B6-B946-D00CC1AEFDD1}.Debug_Unicode|Win32.ActiveCfg = Debug_Unicode|Win32
		{EC65FE25-C6DB-42B6-B946-D00CC1AEFDD1}.Debug_Unicode|Win32.Build.0 = Debug_Unicode|Win32
		{EC65FE25-C6DB-42B6-B946-D00CC1AEFDD1}.Debug_Unicode|x64.ActiveCfg = Debug_Unicode|x64
		{EC65FE25-C6DB-42B6-B946-D00CC1AEFDD1}.Debug_Unicode|x64.Build.0 = Debug_Unicode|x64
		{EC65FE25-C6DB-42B6-B946-D00CC1AEFDD1}.Debug|Win32.ActiveCfg = Debug|Win32
		{EC65FE25-C6DB-42B6-B946-D00CC1AEFDD1}.Debug|Win32.Build.0 = Debug|Win32
		{EC65FE25-C6DB-42B6-B946-D00CC1AEFDD1}.Debug|x64.ActiveCfg = Debug|x64
		{EC65FE25-C6DB-42B6-B946-D00CC1AEFDD1}.Debug|x64.Build.0 = Debug|x64
		{EC65FE25-C6DB-42B6-B946-D00CC1AEFDD1}.Release_Unicode|Win32.ActiveCfg = Release_Unicode|Win32
		{EC65FE25-C6DB-42B6-B946-D00CC1AEFDD1}.Release_Unicode|Win32.Build.0 = Release_Unicode|Win32
		{EC65FE25-C6DB-42B6-B946-D00CC1AEFDD1}.Release_Unicode|x64.ActiveCfg = Release_Unicode|x64
		{EC65FE25-C6DB-42B6-B946-D00CC1AEFDD1}.Release_Unicode|x64.Build.0 = Release_Unicode|x64
		{EC65FE25-C6DB-42B6-B946-D00CC1AEFDD1}.Release|Win32.ActiveCfg = Release|Win32
		{EC65FE25-C6DB-42B6-B946-D00CC1AEFDD1}.Release|Win32.Build.0 = Release|Win32
		{EC65FE25-C6DB-42B6-B946-D00CC1AEFDD1}.Release|x64.ActiveCfg = Release|x64
		{EC65FE25-C6DB-42B6-B946-D00CC1AEFDD1}.Release|x64.Build.0 = Release|x64
		{9B7E7FA5-F13B-440E-80DD-84C0CE676B3E}.Debug_Unicode|Win32.ActiveCfg = Debug_Unicode|Win32
		{9B7E7FA5-F13B-440E-80DD-84C0CE676B3E}.Debug_Unicode|Win32.Build.0 = Debug_Unicode|Win32
		{9B7E7FA5-F13B-440E-80DD-84C0CE676B3E}.Debug_Unicode|x64.ActiveCfg = Debug_Unicode|x64
		{9B7E7FA5-F13B-440E-80DD-84C0CE676B3E}.Debug_Unicode|x64.Build.0 = Debug_Unicode|x64
		{9B7E7FA5-F13B-440E-80DD-84C0CE676B3E}.Debug|Win32.ActiveCfg = Debug|Win32
		{9B7E7FA5-F13B-440E-80DD-84C0CE676B3E}.Debug|Win32.Build.0 = Debug|Win32
		{9B7E7FA5-F13B-440E-80DD-84C0CE676B3E}.Debug|x64.ActiveCfg = Debug|x64
		{9B7E7FA5-F13B-440E-80DD-84C0CE676B3E}.Debug|x64.Build.0 = Debug|x64
		{9B7E7FA5-F13B-440E-80DD-84C0CE676B3E}.Release_Unicode|Win32.ActiveCfg = Release_Unicode|Win32
		{9B7E7FA5-F13B-440E-80DD-84C0CE676B3E}.Release_Unicode|Win32.Build.0 = Release_Unicode|Win32
		{9B7E7FA5-F13B-440E-80DD-84C0CE676B3E}.Release_Unicode|x64.ActiveCfg = Release_Unicode|x64
		{9B7E7FA5-F13B-440E-80DD-84C0CE676B3E}.Release_Unicode|x64.Build.0 = Release_Unicode|x64
		{9B7E7FA5-F13B-440E-80DD-84C0CE676B3E}.Release|Win32.ActiveCfg = Release|Win32
		{9B7E7FA5-F13B-440E-80DD-84C0CE676B3E}.Release|Win32.Build.0 = Release|Win32
		{9B7E7FA5-F13B-440E-80DD-84C0CE676B3E}.Release|x64.ActiveCfg = Release|x64
		{9B7E7FA5-F13B-440E-80DD-84C0CE676B3E}.Release|x64.Build.0 = Release|x64
		{2C4FB823-F9AA-4022-8880-EA74ED6C162B}.Debug_Unicode|Win32.ActiveCfg = Debug_Unicode|Win32
		{2C4FB823-F9AA-4022-8880-EA74ED6C162B}.Debug_Unicode|Win32.Build.0 = Debug_Unicode|Win32
		{2C4FB823-F9AA-4022-8880-EA74ED6C162B}.Debug_Unicode|x64.ActiveCfg = Debug_Unicode|x64
		{2C4FB823-F9AA-4022-8880-EA74ED6C162B}.Debug_Unicode|x64.Build.0 = Debug_Unicode|x64
		{2C4FB823-F9AA-4022-8880-EA74ED6C162B}.Debug|Win32.ActiveCfg = Debug|Win32
		{2C4FB823-F9AA-4022-8880-EA74ED6C162B}.Debug|Win32.Build.0 = Debug|Win32
		{2C4FB823-F9AA-4022-8880-EA74ED6C162B}.Debug|x64.ActiveCfg = Debug|x64
		{2C4FB823-F9AA-4022-8880-EA74ED6C162B}.Debug|x64.Build.0 = Debug|x64
		{2C4FB823-F9AA-4022-8880-EA74ED6C162B}.Release_Unicode|Win32.ActiveCfg = Release_Unicode|Win32
		{2C4FB823-F9AA-4022-8880-EA74ED6C162B}.Release_Unicode|Win32.Build.0 = Release_Unicode|Win32
		{2C4FB823-F9AA-4022-8880-EA74ED6C162B}.Release_Unicode|x64.ActiveCfg = Release_Unicode|x64
		{2C4FB823-F9AA-4022-8880-EA74ED6C162B}.Release_Unicode|x64.Build.0 = Release_Unicode|x64
		{2C4FB823-F9AA-4022-8880-EA74ED6C162B}.Release|Win32.ActiveCfg = Release|Win32
		{2C4FB823-F9AA-4022-8880-EA74ED6C162B}.Release|Win32.Build.0 = Release|Win32
		{2C4FB823-F9AA-4022-8880-EA74ED6C162B}.Release|x64.ActiveCfg = Release|x64
		{2C4FB823-F9AA-4022-8880-EA74ED6C162B}.Release|x64.Build.0 = Release|x64
		{F7E9D999-3497-4F46-8914-613883E97CE6}.Debug_Unicode|Win32.ActiveCfg = Debug_Unicode|Win32
		{F7E9D999-3497-4F46-8914-613883E97CE6}.Debug_Unicode|Win32.Build.0 = Debug_Unicode|Win32
		{F7E9D999-3497-4F46-8914-613883E97CE6}.Debug_Unicode|x64.ActiveCfg = Debug_Unicode|x64
		{F7E9D999-3497-4F46-8914-613883E97CE6}.Debug_Unicode|x64.Build.0 = Debug_Unicode|x64
		{F7E9D999-3497-4F46-8914-613883E97CE6}.Debug|Win32.ActiveCfg = Debug|Win32
		{F7E9D999-3497-4F46-8914-613883E97CE6}.Debug|Win32.Build.0 = Debug|Win32
		{F7E9D999-3497-4F46-8914-613883E97CE6}.Debug|x64.ActiveCfg = Debug|x64
		{F7E9D999-3497-4F46-8914-613883E97CE6}.Debug|x64.Build.0 = Debug|x64
		{F7E9D999-3497-4F46-8914-613883E97CE6}.Release_Unicode|Win32.ActiveCfg = Release_Unicode|Win32
		{F7E9D999-3497-4F46-8914-613883E97CE6}.Release_Unicode|Win32.Build.0 = Release_Unicode|Win32
		{F7E9D999-3497-4F46-8914-613883E97CE6}.Release_Unicode|x64.ActiveCfg = Release_Unicode|x64
		{F7E9D999-3497-4F46-8914-613883E97CE6}.Release_Unicode|x64.Build.0 = Release_Unicode|x64
		{F7E9D999-3497-4F46-8914-613883E97CE6}.Release|Win32.ActiveCfg = Release|Win32
		{F7E9D999-3497-4F46-8914-613883E97CE6}.Release|Win32.Build.0 = Release|Win32
		{F7E9D999-3497-4F46-8914-613883E97CE6}.Release|x64.ActiveCfg = Release|x64
		{F7E9D999-3497-4F46-8914-613883E97CE6}.Release|x64.Build.0 = Release|x64
		{333F2272-D4D6-4F2A-A877-89384693B154}.Debug_Unicode|Win32.ActiveCfg = Debug_Unicode|Win32
		{333F2272-D4D6-4F2A-A877-89384693B154}.Debug_Unicode|Win32.Build.0 = Debug_Unicode|Win32
		{333F2272-D4D6-4F2A-A877-89384693B154}.Debug_Unicode|x64.ActiveCfg = Debug_Unicode|x64
		{333F2272-D4D6-4F2A-A877-89384693B154}.Debug_Unicode|x64.Build.0 = Debug_Unicode|x64
		{333F2272-D4D6-4F2A-A877-89384693B154}.Debug|Win32.ActiveCfg = Debug|Win32
		{333F2272-D4D6-4F2A-A877-89384693B154}.Debug|Win32.Build.0 = Debug|Win32
		{333F2272-D4D6-4F2A-A877-89384693B154}.Debug|x64.ActiveCfg = Debug|x64
		{333F2272-D4D6-4F2A-A877-89384693B154}.Debug|x64.Build.0 = Debug|x64
		{333F2272-D4D6-4F2A-A877-89384693B154}.Release_Unicode|Win32.ActiveCfg = Release_Unicode|Win32
		{333F2272-D4D6-4F2A-A877-89384693B154}.Release_Unicode|Win32.Build.0 = Release_Unicode|Win32
		{333F2272-D4D6-4F2A-A877-89384693B154}.Release_Unicode|x64.ActiveCfg = Release_Unicode|x64
		{333F2272-D4D6-4F2A-A877-89384693B154}.Release_Unicode|x64.Build.0 = Release_Unicode|x64
		{333F2272-D4D6-4F2A-A877-89384693B154}.Release|Win32.ActiveCfg = Release|Win32
		{333F2272-D4D6-4F2A-A877-89384693B154}.Release|Win32.Build.0 = Release|Win32
		{333F2272-D4D6-4F2A-A877-89384693B154}.Release|x64.ActiveCfg = Release|x64
		{333F2272-D4D6-4F2A-A877-89384693B154}.Release|x64.Build.0 = Release|x64
		{2FA8F684-7CC6-4369-9C27-92BD82C152CB}.Debug_Unicode|Win32.ActiveCfg = Debug_Unicode|Win32
		{2FA8F684-7CC6-4369-9C27-92BD82C152CB}.Debug_Unicode|Win32.Build.0 = Debug_Unicode|Win32
		{2FA8F684-7CC6-4369-9C27-92BD82C152CB}.Debug_Unicode|x64.ActiveCfg = Debug_Unicode|x64
		{2FA8F684-7CC6-4369-9C27-92BD82C152CB}.Debug_Unicode|x64.Build.0 = Debug_Unicode|x64
		{2FA8F684-7CC6-4369-9C27-92BD82C152CB}.Debug|Win32.ActiveCfg = Debug|Win32
		{2FA8F684-7CC6-4369-9C27-92BD82C152CB}.Debug|Win32.Build.0 = Debug|Win32
		{2FA8F684-7CC6-4369-9C27-92BD82C152CB}.Debug|x64.ActiveCfg = Debug|x64
		{2FA8F684-7CC6-4369-9C27-92BD82C152CB}.Debug|x64.Build.0 = Debug|x64
		{2FA8F684-7CC6-4369-9C27-92BD82C152CB}.Release_Unicode|Win32.ActiveCfg = Release_Unicode|Win32
		{2FA8F684-7CC6-4369-9C27-92BD82C152CB}.Release_Unicode|Win32.Build.0 = Release_Unicode|Win32
		{2FA8F684-7CC6-4369-9C27-92BD82C152CB}.Release_Unicode|x64.ActiveCfg = Release_Unicode|x64
		{2FA8F684-7CC6-4369-9C27-92BD82C152CB}.Release_Unicode|x64.Build.0 = Release_Unicode|x64
		{2FA8F684-7CC6-4369-9C27-92BD82C152CB}.Release|Win32.ActiveCfg = Release|Win32
		{2FA8F684-7CC6-4369-9C27-92BD82C152CB}.Release|Win32.Build.0 = Release|Win32
		{2FA8F684-7CC6-4369-9C27-92BD82C152CB}.Release|x64.ActiveCfg = Release|x64
		{2FA8F684-7CC6-4369-9C27-92BD82C152CB}.Release|x64.Build.0 = Release|x64
		{98B237DB-7AF6-45C6-A998-850F3BF5A233}.Debug_Unicode|Win32.ActiveCfg = Debug_Unicode|Win32
		{98B237DB-7AF6-45C6-A998-850F3BF5A233}.Debug_Unicode|Win32.Build.0 = Debug_Unicode|Win32
		{98B237DB-7AF6-45C6-A998-850F3BF5A233}.Debug_Unicode|x64.ActiveCfg = Debug_Unicode|x64
		{98B237DB-7AF6-45C6-A998-850F3BF5A233}.Debug_Unicode|x64.Build.0 = Debug_Unicode|x64
		{98B237DB-7AF6-45C6-A998-850F3BF5A233}.Debug|Win32.ActiveCfg = Debug|Win32
		{98B237DB-7AF6-45C6-A998-850F3BF5A233}.Debug|Win32.Build.0 = Debug|Win32
		{98B237DB-7AF6-45C6-A998-850F3BF5A233}.Debug|x64.ActiveCfg = Debug|x64
		{98B237DB-7AF6-45C6-A998-850F3BF5A233}.Debug|x64.Build.0 = Debug|x64
		{98B237DB-7AF6-45C6-A998-850F3BF5A233}.Release_Unicode|Win32.ActiveCfg = Release_Unicode|Win32
		{98B237DB-7AF6-45C6-A998-850F3BF5A233}.Release_Unicode|Win32.Build.0 = Release_Unicode|Win32
		{98B237DB-7AF6-45C6-A998-850F3BF5A233}.Release_Unicode|x64.ActiveCfg = Release_Unicode|x64
		{98B237DB-7AF6-45C6-A998-850F3BF5A233}.Release_Unicode|x64.Build.0 = Release_Unicode|x64
		{98B237DB-7AF6-45C6-A998-850F3BF5A233}.Release|Win32.ActiveCfg = Release|Win32
		{98B237DB-7AF6-45C6-A998-850F3BF5A233}.Release|Win32.Build.0 = Release|Win32
		{98B237DB-7AF6-45C6-A998-850F3BF5A233}.Release|x64.ActiveCfg = Release|x64
		{98B237DB-7AF6-45C6-A998-850F3BF5A233}.Release|x64.Build.0 = Release|x64
		{DC95D05E-8DDF-4D18-95F7-DDE9EDAE7B83}.Debug_Unicode|Win32.ActiveCfg = Debug_Unicode|Win32
		{DC95D05E-8DDF-4D18-95F7-DDE9EDAE7B83}.Debug_Unicode|Win32.Build.0 = Debug_Unicode|Win32
		{DC95D05E-8DDF-4D18-95F7-DDE9EDAE7B83}.Debug_Unicode|x64.ActiveCfg = Debug_Unicode|x64
		{DC95D05E-8DDF-4D18-95F7-DDE9EDAE7B83}.Debug_Unicode|x64.Build.0 = Debug_Unicode|x64
		{DC95D05E-8DDF-4D18-95F7-DDE9EDAE7B83}.Debug|Win32.ActiveCfg = Debug|Win32
		{DC95D05E-8DDF-4D18-95F7-DDE9EDAE7B83}.Debug|Win32.Build.0 = Debug|Win32
		{DC95D05E-8DDF-4D18-95F7-DDE9EDAE7B83}.Debug|x64.ActiveCfg = Debug|x64
		{DC95D05E-8DDF-4D18-95F7-DDE9EDAE7B83}.Debug|x64.Build.0 = Debug|x64
		{DC95D05E-8DDF-4D18-95F7-DDE9EDAE7B83}.Release_Unicode|Win32.ActiveCfg = Release_Unicode|Win32
		{DC95D05E-8DDF-4D18-95F7-DDE9EDAE7B83}.Release_Unicode|Win32.Build.0 = Release_Unicode|Win32
		{DC95D05E-8DDF-4D18-95F7-DDE9EDAE7B83}.Release_Unicode|x64.ActiveCfg = Release_Unicode|x64
		{DC95D05E-8DDF-4D18-95F7-DDE9EDAE7B83}.Release_Unicode|x64.Build.0 = Release_Unicode|x64
		{DC95D05E-8DDF-4D18-95F7-DDE9EDAE7B83}.Release|Win32.ActiveCfg = Release|Win32
		{DC95D05E-8DDF-4D18-95F7-DDE9EDAE7B83}.Release|Win32.Build.0 = Release|Win32
		{DC95D05E-8DDF-4D18-95F7-DDE9EDAE7B83}.Release|x64.ActiveCfg = Release|x64
		{DC95D05E-8DDF-4D18-95F7-DDE9EDAE7B83}.Release|x64.Build.0 = Release|x64
		{8014E9D5-764A-4BDC-8590-73A4D739ADC7}.Debug_Unicode|Win32.ActiveCfg = Debug_Unicode|Win32
		{8014E9D5-764A-4BDC-8590-73A4D739ADC7}.Debug_Unicode|Win32.Build.0 = Debug_Unicode|Win32
		{8014E9D5-764A-4BDC-8590-73A4D739ADC7}.Debug_Unicode|x64.ActiveCfg = Debug_Unicode|x64
		{8014E9D5-764A-4BDC-8590-73A4D739ADC7}.Debug_Unicode|x64.Build.0 = Debug_Unicode|x64
		{8014E9D5-764A-4BDC-8590-73A4D739ADC7}.Debug|Win32.ActiveCfg = Debug|Win32
		{8014E9D5-764A-4BDC-8590-73A4D739ADC7}.Debug|Win32.Build.0 = Debug|Win32
		{8014E9D5-764A-4BDC-8590-73A4D739ADC7}.Debug|x64.ActiveCfg = Debug|x64
		{8014E9D5-764A-4BDC-8590-73A4D739ADC7}.Debug|x64.Build.0 = Debug|x64
		{8014E9D5-764A-4BDC-8590-73A4D739ADC7}.Release_Unicode|Win32.ActiveCfg = Release_Unicode|Win32
		{8014E9D5-764A-4BDC-8590-73A4D739ADC7}.Release_Unicode|Win32.Build.0 = Release_Unicode|Win32
		{8014E9D5-764A-4BDC-8590-73A4D739ADC7}.Release_Unicode|x64.ActiveCfg = Release_Unicode|x64
		{8014E9D5-764A-4BDC-8590-73A4D739ADC7}.Release_Unicode|x64.Build.0 = Release_Unicode|x64
		{8014E9D5-764A-4BDC-8590-73A4D739ADC7}.Release|Win32.ActiveCfg = Release|Win32
		{8014E9D5-764A-4BDC-8590-73A4D739ADC7}.Release|Win32.Build.0 = Release|Win32
		{8014E9D5-764A-4BDC-8590-73A4D739ADC7}.Release|x64.ActiveCfg = Release|x64
		{8014E9D5-764A-4BDC-8590-73A4D739ADC7}.Release|x64.Build.0 = Release|x64
	EndGlobalSection
	GlobalSection(SolutionProperties) = preSolution
		HideSolutionNode = FALSE
	EndGlobalSection
	GlobalSection(NestedProjects) = preSolution
		{63AF3784-3FFB-46AC-B341-76B55AEE3148} = {92DEA81D-81ED-4283-BBC7-41975647F69E}
		{434FBB6C-6D3C-466A-86DB-DE999065B5E5} = {92DEA81D-81ED-4283-BBC7-41975647F69E}
		{66FE475D-D26C-4457-8B1C-B057D770C716} = {92DEA81D-81ED-4283-BBC7-41975647F69E}
		{07817E6D-9FAB-4261-9D62-C5AD13810258} = {92DEA81D-81ED-4283-BBC7-41975647F69E}
		{1F8CC79C-876D-4A13-BA92-98A3A51B2749} = {92DEA81D-81ED-4283-BBC7-41975647F69E}
		{FBCE50FB-C87B-4A28-9551-7D1BFDAA65EC} = {92DEA81D-81ED-4283-BBC7-41975647F69E}
		{94EF9EE0-6E68-4F5F-9174-D09896518894} = {92DEA81D-81ED-4283-BBC7-41975647F69E}
		{0A878274-362D-4184-B5C6-A1C80D22A170} = {92DEA81D-81ED-4283-BBC7-41975647F69E}
		{040B829F-8ED6-4D35-9043-0DF31597F7FB} = {92DEA81D-81ED-4283-BBC7-41975647F69E}
		{C133DEF0-FAF5-4635-8D5A-2C789B424371} = {92DEA81D-81ED-4283-BBC7-41975647F69E}
		{CBD762A9-79BC-4AE7-8890-76360F539D76} = {92DEA81D-81ED-4283-BBC7-41975647F69E}
		{D405C4A0-D62F-4EE7-96D2-76AD808C7319} = {92DEA81D-81ED-4283-BBC7-41975647F69E}
		{F83D31E0-B607-4D3E-AF53-BA2A19BE17ED} = {92DEA81D-81ED-4283-BBC7-41975647F69E}
		{7EFABA06-71CD-498F-BF10-C41A7D2DCF3B} = {92DEA81D-81ED-4283-BBC7-41975647F69E}
		{AE4CF05D-9770-4BF2-BB73-1DA37E2A1508} = {92DEA81D-81ED-4283-BBC7-41975647F69E}
		{C0C6F651-99D8-404E-B2EC-507B261E820C} = {DAFB5F7D-6AF3-4D4F-B6D3-C1049A1259DA}
		{18B64AA1-A2F7-46BE-8D48-7882AA471FA9} = {DAFB5F7D-6AF3-4D4F-B6D3-C1049A1259DA}
		{7C361308-3FC8-45AF-9362-1A7C75E7F277} = {DAFB5F7D-6AF3-4D4F-B6D3-C1049A1259DA}
		{44D4D0A3-FAFA-4134-9806-BCB830594E28} = {92DEA81D-81ED-4283-BBC7-41975647F69E}
		{0F01EBDC-F988-41DD-BDA8-247DBC870F6B} = {DAFB5F7D-6AF3-4D4F-B6D3-C1049A1259DA}
		{87AA80A2-624C-420A-BBA7-4A68AB894AB3} = {92DEA81D-81ED-4283-BBC7-41975647F69E}
		{1A39C4C2-0160-42C4-8E81-4D5AAE1A3412} = {92DEA81D-81ED-4283-BBC7-41975647F69E}
		{E64A222C-7489-44F6-88E0-EC95D9B61F6B} = {92DEA81D-81ED-4283-BBC7-41975647F69E}
		{07819E3A-C60E-4FA6-9EB6-820EAA21F327} = {92DEA81D-81ED-4283-BBC7-41975647F69E}
		{4428C51A-6903-47E9-AECD-B2F2D4C040DE} = {92DEA81D-81ED-4283-BBC7-41975647F69E}
		{A1F3A775-26C1-4842-A652-67FB66D94CFD} = {92DEA81D-81ED-4283-BBC7-41975647F69E}
		{052E825A-8D84-46C6-A10E-D8F6EEECF441} = {92DEA81D-81ED-4283-BBC7-41975647F69E}
		{7C1B81EB-9931-401E-897D-80FDB66EAD2D} = {92DEA81D-81ED-4283-BBC7-41975647F69E}
		{18791CDA-136A-49D1-84FE-69CD0A7F13A9} = {92DEA81D-81ED-4283-BBC7-41975647F69E}
		{EC65FE25-C6DB-42B6-B946-D00CC1AEFDD1} = {92DEA81D-81ED-4283-BBC7-41975647F69E}
		{9B7E7FA5-F13B-440E-80DD-84C0CE676B3E} = {92DEA81D-81ED-4283-BBC7-41975647F69E}
		{2C4FB823-F9AA-4022-8880-EA74ED6C162B} = {92DEA81D-81ED-4283-BBC7-41975647F69E}
		{F7E9D999-3497-4F46-8914-613883E97CE6} = {92DEA81D-81ED-4283-BBC7-41975647F69E}
		{333F2272-D4D6-4F2A-A877-89384693B154} = {92DEA81D-81ED-4283-BBC7-41975647F69E}
		{2FA8F684-7CC6-4369-9C27-92BD82C152CB} = {92DEA81D-81ED-4283-BBC7-41975647F69E}
		{98B237DB-7AF6-45C6-A998-850F3BF5A233} = {92DEA81D-81ED-4283-BBC7-41975647F69E}
		{DC95D05E-8DDF-4D18-95F7-DDE9EDAE7B83} = {92DEA81D-81ED-4283-BBC7-41975647F69E}
		{8014E9D5-764A-4BDC-8590-73A4D739ADC7} = {92DEA81D-81ED-4283-BBC7-41975647F69E}
	EndGlobalSection
EndGlobal
