
Microsoft Visual Studio Solution File, Format Version 9.00
# Visual Studio 2005
Project("{FAE04EC0-301F-11D3-BF4B-00C04F79EFBC}") = "PassThroughCS", "PassThroughCS\PassThroughCS.csproj", "{269E7931-76A0-492F-974A-0D98459A25E5}"
	ProjectSection(WebsiteProperties) = preProject
		Debug.AspNetCompiler.Debug = "True"
		Release.AspNetCompiler.Debug = "False"
	EndProjectSection
EndProject
Project("{FAE04EC0-301F-11D3-BF4B-00C04F79EFBC}") = "TcpRedirectorCS", "TcpRedirectorCS\TcpRedirectorCS.csproj", "{9386EAAD-C2B9-40D2-9B29-3C69BEDFA4D3}"
	ProjectSection(WebsiteProperties) = preProject
		Debug.AspNetCompiler.Debug = "True"
		Release.AspNetCompiler.Debug = "False"
	EndProjectSection
EndProject
Project("{2150E333-8FDC-42A3-9474-1A3956D46DE8}") = "samples", "samples", "{E53D86F1-946D-4908-8539-18137DDDEBA3}"
	ProjectSection(WebsiteProperties) = preProject
		Debug.AspNetCompiler.Debug = "True"
		Release.AspNetCompiler.Debug = "False"
	EndProjectSection
EndProject
Project("{FAE04EC0-301F-11D3-BF4B-00C04F79EFBC}") = "TrafficShaperCS", "TrafficShaperCS\TrafficShaperCS.csproj", "{6695FBB0-443A-4B29-9E17-0F74ECC0081B}"
EndProject
Global
	GlobalSection(SolutionConfigurationPlatforms) = preSolution
		Debug|x64 = Debug|x64
		Debug|x86 = Debug|x86
		Release|x64 = Release|x64
		Release|x86 = Release|x86
	EndGlobalSection
	GlobalSection(ProjectConfigurationPlatforms) = postSolution
		{269E7931-76A0-492F-974A-0D98459A25E5}.Debug|x64.ActiveCfg = Debug|x64
		{269E7931-76A0-492F-974A-0D98459A25E5}.Debug|x64.Build.0 = Debug|x64
		{269E7931-76A0-492F-974A-0D98459A25E5}.Debug|x86.ActiveCfg = Debug|Win32
		{269E7931-76A0-492F-974A-0D98459A25E5}.Debug|x86.Build.0 = Debug|Win32
		{269E7931-76A0-492F-974A-0D98459A25E5}.Release|x64.ActiveCfg = Release|x64
		{269E7931-76A0-492F-974A-0D98459A25E5}.Release|x64.Build.0 = Release|x64
		{269E7931-76A0-492F-974A-0D98459A25E5}.Release|x86.ActiveCfg = Release|Win32
		{269E7931-76A0-492F-974A-0D98459A25E5}.Release|x86.Build.0 = Release|Win32
		{9386EAAD-C2B9-40D2-9B29-3C69BEDFA4D3}.Debug|x64.ActiveCfg = Debug|x64
		{9386EAAD-C2B9-40D2-9B29-3C69BEDFA4D3}.Debug|x64.Build.0 = Debug|x64
		{9386EAAD-C2B9-40D2-9B29-3C69BEDFA4D3}.Debug|x86.ActiveCfg = Debug|Win32
		{9386EAAD-C2B9-40D2-9B29-3C69BEDFA4D3}.Debug|x86.Build.0 = Debug|Win32
		{9386EAAD-C2B9-40D2-9B29-3C69BEDFA4D3}.Release|x64.ActiveCfg = Release|x64
		{9386EAAD-C2B9-40D2-9B29-3C69BEDFA4D3}.Release|x64.Build.0 = Release|x64
		{9386EAAD-C2B9-40D2-9B29-3C69BEDFA4D3}.Release|x86.ActiveCfg = Release|Win32
		{9386EAAD-C2B9-40D2-9B29-3C69BEDFA4D3}.Release|x86.Build.0 = Release|Win32
		{6695FBB0-443A-4B29-9E17-0F74ECC0081B}.Debug|x64.ActiveCfg = Debug|x64
		{6695FBB0-443A-4B29-9E17-0F74ECC0081B}.Debug|x64.Build.0 = Debug|x64
		{6695FBB0-443A-4B29-9E17-0F74ECC0081B}.Debug|x86.ActiveCfg = Debug|Win32
		{6695FBB0-443A-4B29-9E17-0F74ECC0081B}.Debug|x86.Build.0 = Debug|Win32
		{6695FBB0-443A-4B29-9E17-0F74ECC0081B}.Release|x64.ActiveCfg = Release|x64
		{6695FBB0-443A-4B29-9E17-0F74ECC0081B}.Release|x64.Build.0 = Release|x64
		{6695FBB0-443A-4B29-9E17-0F74ECC0081B}.Release|x86.ActiveCfg = Release|Win32
		{6695FBB0-443A-4B29-9E17-0F74ECC0081B}.Release|x86.Build.0 = Release|Win32
	EndGlobalSection
	GlobalSection(SolutionProperties) = preSolution
		HideSolutionNode = FALSE
	EndGlobalSection
	GlobalSection(NestedProjects) = preSolution
		{9386EAAD-C2B9-40D2-9B29-3C69BEDFA4D3} = {E53D86F1-946D-4908-8539-18137DDDEBA3}
		{269E7931-76A0-492F-974A-0D98459A25E5} = {E53D86F1-946D-4908-8539-18137DDDEBA3}
		{6695FBB0-443A-4B29-9E17-0F74ECC0081B} = {E53D86F1-946D-4908-8539-18137DDDEBA3}
	EndGlobalSection
EndGlobal
