Microsoft Visual Studio Solution File, Format Version 10.00
# Visual Studio 2008
Project("{FAE04EC0-301F-11D3-BF4B-00C04F79EFBC}") = "Be.HexEditor", "Be.HexEditor\Be.HexEditor.csproj", "{FF4ADB46-210E-429E-9176-68613F5CBE90}"
EndProject
Project("{FAE04EC0-301F-11D3-BF4B-00C04F79EFBC}") = "Be.Windows.Forms.HexBox", "Be.Windows.Forms.HexBox\Be.Windows.Forms.HexBox.csproj", "{26C5F25F-B450-4CAF-AD8B-B8D11AE73457}"
EndProject
Project("{54435603-DBB4-11D2-8724-00A0C9A8B90C}") = "Be.HexEditor.Setup", "Be.HexEditor.Setup\Be.HexEditor.Setup.vdproj", "{F4FD532E-2F83-4C58-BD32-F0DB462E3F5B}"
EndProject
Global
	GlobalSection(SolutionConfigurationPlatforms) = preSolution
		Debug|Any CPU = Debug|Any CPU
		Release|Any CPU = Release|Any CPU
	EndGlobalSection
	GlobalSection(ProjectConfigurationPlatforms) = postSolution
		{FF4ADB46-210E-429E-9176-68613F5CBE90}.Debug|Any CPU.ActiveCfg = Debug|Any CPU
		{FF4ADB46-210E-429E-9176-68613F5CBE90}.Debug|Any CPU.Build.0 = Debug|Any CPU
		{FF4ADB46-210E-429E-9176-68613F5CBE90}.Release|Any CPU.ActiveCfg = Release|Any CPU
		{FF4ADB46-210E-429E-9176-68613F5CBE90}.Release|Any CPU.Build.0 = Release|Any CPU
		{26C5F25F-B450-4CAF-AD8B-B8D11AE73457}.Debug|Any CPU.ActiveCfg = Debug|Any CPU
		{26C5F25F-B450-4CAF-AD8B-B8D11AE73457}.Debug|Any CPU.Build.0 = Debug|Any CPU
		{26C5F25F-B450-4CAF-AD8B-B8D11AE73457}.Release|Any CPU.ActiveCfg = Release|Any CPU
		{26C5F25F-B450-4CAF-AD8B-B8D11AE73457}.Release|Any CPU.Build.0 = Release|Any CPU
		{F4FD532E-2F83-4C58-BD32-F0DB462E3F5B}.Debug|Any CPU.ActiveCfg = Debug
		{F4FD532E-2F83-4C58-BD32-F0DB462E3F5B}.Release|Any CPU.ActiveCfg = Release
	EndGlobalSection
	GlobalSection(SolutionProperties) = preSolution
		HideSolutionNode = FALSE
	EndGlobalSection
EndGlobal
