Microsoft Visual Studio Solution File, Format Version 8.00
Project("{8BC9CEB8-8B4A-11D0-8D11-00A0C91BC942}") = "nfapi", "nfapi\nfapi_msvc2003.vcproj", "{D5FC0EAF-4082-47DF-A2D2-69584A8005A3}"
	ProjectSection(ProjectDependencies) = postProject
	EndProjectSection
EndProject
Project("{8BC9CEB8-8B4A-11D0-8D11-00A0C91BC942}") = "PassThrough", "samples\PassThrough\PassThrough_msvc2003.vcproj", "{A03BDD17-5B18-4374-A62C-4B23DAE00F3F}"
	ProjectSection(ProjectDependencies) = postProject
	EndProjectSection
EndProject
Project("{8BC9CEB8-8B4A-11D0-8D11-00A0C91BC942}") = "nfregdrv", "nfregdrv\nfregdrv_msvc2003.vcproj", "{DBEAAE73-C1E9-4ED3-93FA-02F3551A7F6D}"
	ProjectSection(ProjectDependencies) = postProject
	EndProjectSection
EndProject
Project("{8BC9CEB8-8B4A-11D0-8D11-00A0C91BC942}") = "PassThrough_c", "samples\PassThrough_c\PassThrough_c_msvc2003.vcproj", "{64BD19FE-E3A0-417A-85E7-DAD72FEA9B40}"
	ProjectSection(ProjectDependencies) = postProject
	EndProjectSection
EndProject
Project("{8BC9CEB8-8B4A-11D0-8D11-00A0C91BC942}") = "DnsRedirector", "samples\DnsRedirector\DnsRedirector_msvc2003.vcproj", "{4477251B-E086-4C7B-B36F-0ED4052C6015}"
	ProjectSection(ProjectDependencies) = postProject
	EndProjectSection
EndProject
Project("{8BC9CEB8-8B4A-11D0-8D11-00A0C91BC942}") = "TcpRedirector", "samples\TcpRedirector\TcpRedirector_msvc2003.vcproj", "{0F1EAD51-B7A1-4BFA-953B-E66BEF14B57F}"
	ProjectSection(ProjectDependencies) = postProject
	EndProjectSection
EndProject
Project("{8BC9CEB8-8B4A-11D0-8D11-00A0C91BC942}") = "TrafficShaper", "samples\TrafficShaper\TrafficShaper_msvc2003.vcproj", "{5609E357-14E2-40B6-8A0C-F4EFA25B7DB9}"
	ProjectSection(ProjectDependencies) = postProject
	EndProjectSection
EndProject
Global
	GlobalSection(SolutionConfiguration) = preSolution
		Debug = Debug
		Debug_c_api = Debug_c_api
		Debug_static_dll = Debug_static_dll
		objchk_wnet_amd64 = objchk_wnet_amd64
		objchk_wxp_x86 = objchk_wxp_x86
		objfre_wnet_amd64 = objfre_wnet_amd64
		objfre_wxp_x86 = objfre_wxp_x86
		Release = Release
		Release_c_api = Release_c_api
		Release_static = Release_static
		Release_static_dll = Release_static_dll
	EndGlobalSection
	GlobalSection(ProjectConfiguration) = postSolution
		{D5FC0EAF-4082-47DF-A2D2-69584A8005A3}.Debug.ActiveCfg = Debug|Win32
		{D5FC0EAF-4082-47DF-A2D2-69584A8005A3}.Debug.Build.0 = Debug|Win32
		{D5FC0EAF-4082-47DF-A2D2-69584A8005A3}.Debug_c_api.ActiveCfg = Debug_c_api|Win32
		{D5FC0EAF-4082-47DF-A2D2-69584A8005A3}.Debug_c_api.Build.0 = Debug_c_api|Win32
		{D5FC0EAF-4082-47DF-A2D2-69584A8005A3}.Debug_static_dll.ActiveCfg = Debug_static_dll|Win32
		{D5FC0EAF-4082-47DF-A2D2-69584A8005A3}.Debug_static_dll.Build.0 = Debug_static_dll|Win32
		{D5FC0EAF-4082-47DF-A2D2-69584A8005A3}.objchk_wnet_amd64.ActiveCfg = Release_static|Win32
		{D5FC0EAF-4082-47DF-A2D2-69584A8005A3}.objchk_wnet_amd64.Build.0 = Release_static|Win32
		{D5FC0EAF-4082-47DF-A2D2-69584A8005A3}.objchk_wxp_x86.ActiveCfg = Release_static|Win32
		{D5FC0EAF-4082-47DF-A2D2-69584A8005A3}.objchk_wxp_x86.Build.0 = Release_static|Win32
		{D5FC0EAF-4082-47DF-A2D2-69584A8005A3}.objfre_wnet_amd64.ActiveCfg = Release_static|Win32
		{D5FC0EAF-4082-47DF-A2D2-69584A8005A3}.objfre_wnet_amd64.Build.0 = Release_static|Win32
		{D5FC0EAF-4082-47DF-A2D2-69584A8005A3}.objfre_wxp_x86.ActiveCfg = Release_static|Win32
		{D5FC0EAF-4082-47DF-A2D2-69584A8005A3}.objfre_wxp_x86.Build.0 = Release_static|Win32
		{D5FC0EAF-4082-47DF-A2D2-69584A8005A3}.Release.ActiveCfg = Release|Win32
		{D5FC0EAF-4082-47DF-A2D2-69584A8005A3}.Release.Build.0 = Release|Win32
		{D5FC0EAF-4082-47DF-A2D2-69584A8005A3}.Release_c_api.ActiveCfg = Release_c_api|Win32
		{D5FC0EAF-4082-47DF-A2D2-69584A8005A3}.Release_c_api.Build.0 = Release_c_api|Win32
		{D5FC0EAF-4082-47DF-A2D2-69584A8005A3}.Release_static.ActiveCfg = Release_static|Win32
		{D5FC0EAF-4082-47DF-A2D2-69584A8005A3}.Release_static.Build.0 = Release_static|Win32
		{D5FC0EAF-4082-47DF-A2D2-69584A8005A3}.Release_static_dll.ActiveCfg = Release_static_dll|Win32
		{D5FC0EAF-4082-47DF-A2D2-69584A8005A3}.Release_static_dll.Build.0 = Release_static_dll|Win32
		{A03BDD17-5B18-4374-A62C-4B23DAE00F3F}.Debug.ActiveCfg = Debug|Win32
		{A03BDD17-5B18-4374-A62C-4B23DAE00F3F}.Debug.Build.0 = Debug|Win32
		{A03BDD17-5B18-4374-A62C-4B23DAE00F3F}.Debug_c_api.ActiveCfg = Debug_static_dll|Win32
		{A03BDD17-5B18-4374-A62C-4B23DAE00F3F}.Debug_c_api.Build.0 = Debug_static_dll|Win32
		{A03BDD17-5B18-4374-A62C-4B23DAE00F3F}.Debug_static_dll.ActiveCfg = Debug_static_dll|Win32
		{A03BDD17-5B18-4374-A62C-4B23DAE00F3F}.Debug_static_dll.Build.0 = Debug_static_dll|Win32
		{A03BDD17-5B18-4374-A62C-4B23DAE00F3F}.objchk_wnet_amd64.ActiveCfg = Debug_static_dll|Win32
		{A03BDD17-5B18-4374-A62C-4B23DAE00F3F}.objchk_wnet_amd64.Build.0 = Debug_static_dll|Win32
		{A03BDD17-5B18-4374-A62C-4B23DAE00F3F}.objchk_wxp_x86.ActiveCfg = Debug_static_dll|Win32
		{A03BDD17-5B18-4374-A62C-4B23DAE00F3F}.objchk_wxp_x86.Build.0 = Debug_static_dll|Win32
		{A03BDD17-5B18-4374-A62C-4B23DAE00F3F}.objfre_wnet_amd64.ActiveCfg = Debug_static_dll|Win32
		{A03BDD17-5B18-4374-A62C-4B23DAE00F3F}.objfre_wnet_amd64.Build.0 = Debug_static_dll|Win32
		{A03BDD17-5B18-4374-A62C-4B23DAE00F3F}.objfre_wxp_x86.ActiveCfg = Debug_static_dll|Win32
		{A03BDD17-5B18-4374-A62C-4B23DAE00F3F}.objfre_wxp_x86.Build.0 = Debug_static_dll|Win32
		{A03BDD17-5B18-4374-A62C-4B23DAE00F3F}.Release.ActiveCfg = Release|Win32
		{A03BDD17-5B18-4374-A62C-4B23DAE00F3F}.Release.Build.0 = Release|Win32
		{A03BDD17-5B18-4374-A62C-4B23DAE00F3F}.Release_c_api.ActiveCfg = Release_static|Win32
		{A03BDD17-5B18-4374-A62C-4B23DAE00F3F}.Release_c_api.Build.0 = Release_static|Win32
		{A03BDD17-5B18-4374-A62C-4B23DAE00F3F}.Release_static.ActiveCfg = Release_static|Win32
		{A03BDD17-5B18-4374-A62C-4B23DAE00F3F}.Release_static.Build.0 = Release_static|Win32
		{A03BDD17-5B18-4374-A62C-4B23DAE00F3F}.Release_static_dll.ActiveCfg = Release_static_dll|Win32
		{A03BDD17-5B18-4374-A62C-4B23DAE00F3F}.Release_static_dll.Build.0 = Release_static_dll|Win32
		{DBEAAE73-C1E9-4ED3-93FA-02F3551A7F6D}.Debug.ActiveCfg = Debug|Win32
		{DBEAAE73-C1E9-4ED3-93FA-02F3551A7F6D}.Debug.Build.0 = Debug|Win32
		{DBEAAE73-C1E9-4ED3-93FA-02F3551A7F6D}.Debug_c_api.ActiveCfg = Debug_c_api|Win32
		{DBEAAE73-C1E9-4ED3-93FA-02F3551A7F6D}.Debug_c_api.Build.0 = Debug_c_api|Win32
		{DBEAAE73-C1E9-4ED3-93FA-02F3551A7F6D}.Debug_static_dll.ActiveCfg = Debug_static_dll|Win32
		{DBEAAE73-C1E9-4ED3-93FA-02F3551A7F6D}.Debug_static_dll.Build.0 = Debug_static_dll|Win32
		{DBEAAE73-C1E9-4ED3-93FA-02F3551A7F6D}.objchk_wnet_amd64.ActiveCfg = Debug_static_dll|Win32
		{DBEAAE73-C1E9-4ED3-93FA-02F3551A7F6D}.objchk_wnet_amd64.Build.0 = Debug_static_dll|Win32
		{DBEAAE73-C1E9-4ED3-93FA-02F3551A7F6D}.objchk_wxp_x86.ActiveCfg = Debug_static_dll|Win32
		{DBEAAE73-C1E9-4ED3-93FA-02F3551A7F6D}.objchk_wxp_x86.Build.0 = Debug_static_dll|Win32
		{DBEAAE73-C1E9-4ED3-93FA-02F3551A7F6D}.objfre_wnet_amd64.ActiveCfg = Debug_static_dll|Win32
		{DBEAAE73-C1E9-4ED3-93FA-02F3551A7F6D}.objfre_wnet_amd64.Build.0 = Debug_static_dll|Win32
		{DBEAAE73-C1E9-4ED3-93FA-02F3551A7F6D}.objfre_wxp_x86.ActiveCfg = Debug_static_dll|Win32
		{DBEAAE73-C1E9-4ED3-93FA-02F3551A7F6D}.objfre_wxp_x86.Build.0 = Debug_static_dll|Win32
		{DBEAAE73-C1E9-4ED3-93FA-02F3551A7F6D}.Release.ActiveCfg = Release|Win32
		{DBEAAE73-C1E9-4ED3-93FA-02F3551A7F6D}.Release.Build.0 = Release|Win32
		{DBEAAE73-C1E9-4ED3-93FA-02F3551A7F6D}.Release_c_api.ActiveCfg = Release_c_api|Win32
		{DBEAAE73-C1E9-4ED3-93FA-02F3551A7F6D}.Release_c_api.Build.0 = Release_c_api|Win32
		{DBEAAE73-C1E9-4ED3-93FA-02F3551A7F6D}.Release_static.ActiveCfg = Release_static|Win32
		{DBEAAE73-C1E9-4ED3-93FA-02F3551A7F6D}.Release_static.Build.0 = Release_static|Win32
		{DBEAAE73-C1E9-4ED3-93FA-02F3551A7F6D}.Release_static_dll.ActiveCfg = Release_static_dll|Win32
		{DBEAAE73-C1E9-4ED3-93FA-02F3551A7F6D}.Release_static_dll.Build.0 = Release_static_dll|Win32
		{64BD19FE-E3A0-417A-85E7-DAD72FEA9B40}.Debug.ActiveCfg = Debug_c_api|Win32
		{64BD19FE-E3A0-417A-85E7-DAD72FEA9B40}.Debug.Build.0 = Debug_c_api|Win32
		{64BD19FE-E3A0-417A-85E7-DAD72FEA9B40}.Debug_c_api.ActiveCfg = Debug_c_api|Win32
		{64BD19FE-E3A0-417A-85E7-DAD72FEA9B40}.Debug_c_api.Build.0 = Debug_c_api|Win32
		{64BD19FE-E3A0-417A-85E7-DAD72FEA9B40}.Debug_static_dll.ActiveCfg = Debug_c_api|Win32
		{64BD19FE-E3A0-417A-85E7-DAD72FEA9B40}.Debug_static_dll.Build.0 = Debug_c_api|Win32
		{64BD19FE-E3A0-417A-85E7-DAD72FEA9B40}.objchk_wnet_amd64.ActiveCfg = Release_c_api|Win32
		{64BD19FE-E3A0-417A-85E7-DAD72FEA9B40}.objchk_wnet_amd64.Build.0 = Release_c_api|Win32
		{64BD19FE-E3A0-417A-85E7-DAD72FEA9B40}.objchk_wxp_x86.ActiveCfg = Release_c_api|Win32
		{64BD19FE-E3A0-417A-85E7-DAD72FEA9B40}.objchk_wxp_x86.Build.0 = Release_c_api|Win32
		{64BD19FE-E3A0-417A-85E7-DAD72FEA9B40}.objfre_wnet_amd64.ActiveCfg = Release_c_api|Win32
		{64BD19FE-E3A0-417A-85E7-DAD72FEA9B40}.objfre_wnet_amd64.Build.0 = Release_c_api|Win32
		{64BD19FE-E3A0-417A-85E7-DAD72FEA9B40}.objfre_wxp_x86.ActiveCfg = Release_c_api|Win32
		{64BD19FE-E3A0-417A-85E7-DAD72FEA9B40}.objfre_wxp_x86.Build.0 = Release_c_api|Win32
		{64BD19FE-E3A0-417A-85E7-DAD72FEA9B40}.Release.ActiveCfg = Release_c_api|Win32
		{64BD19FE-E3A0-417A-85E7-DAD72FEA9B40}.Release.Build.0 = Release_c_api|Win32
		{64BD19FE-E3A0-417A-85E7-DAD72FEA9B40}.Release_c_api.ActiveCfg = Release_c_api|Win32
		{64BD19FE-E3A0-417A-85E7-DAD72FEA9B40}.Release_c_api.Build.0 = Release_c_api|Win32
		{64BD19FE-E3A0-417A-85E7-DAD72FEA9B40}.Release_static.ActiveCfg = Release_c_api|Win32
		{64BD19FE-E3A0-417A-85E7-DAD72FEA9B40}.Release_static.Build.0 = Release_c_api|Win32
		{64BD19FE-E3A0-417A-85E7-DAD72FEA9B40}.Release_static_dll.ActiveCfg = Release_c_api|Win32
		{64BD19FE-E3A0-417A-85E7-DAD72FEA9B40}.Release_static_dll.Build.0 = Release_c_api|Win32
		{4477251B-E086-4C7B-B36F-0ED4052C6015}.Debug.ActiveCfg = Debug|Win32
		{4477251B-E086-4C7B-B36F-0ED4052C6015}.Debug.Build.0 = Debug|Win32
		{4477251B-E086-4C7B-B36F-0ED4052C6015}.Debug_c_api.ActiveCfg = Debug_static_dll|Win32
		{4477251B-E086-4C7B-B36F-0ED4052C6015}.Debug_c_api.Build.0 = Debug_static_dll|Win32
		{4477251B-E086-4C7B-B36F-0ED4052C6015}.Debug_static_dll.ActiveCfg = Debug_static_dll|Win32
		{4477251B-E086-4C7B-B36F-0ED4052C6015}.Debug_static_dll.Build.0 = Debug_static_dll|Win32
		{4477251B-E086-4C7B-B36F-0ED4052C6015}.objchk_wnet_amd64.ActiveCfg = Release|Win32
		{4477251B-E086-4C7B-B36F-0ED4052C6015}.objchk_wnet_amd64.Build.0 = Release|Win32
		{4477251B-E086-4C7B-B36F-0ED4052C6015}.objchk_wxp_x86.ActiveCfg = Release|Win32
		{4477251B-E086-4C7B-B36F-0ED4052C6015}.objchk_wxp_x86.Build.0 = Release|Win32
		{4477251B-E086-4C7B-B36F-0ED4052C6015}.objfre_wnet_amd64.ActiveCfg = Release|Win32
		{4477251B-E086-4C7B-B36F-0ED4052C6015}.objfre_wnet_amd64.Build.0 = Release|Win32
		{4477251B-E086-4C7B-B36F-0ED4052C6015}.objfre_wxp_x86.ActiveCfg = Release|Win32
		{4477251B-E086-4C7B-B36F-0ED4052C6015}.objfre_wxp_x86.Build.0 = Release|Win32
		{4477251B-E086-4C7B-B36F-0ED4052C6015}.Release.ActiveCfg = Release|Win32
		{4477251B-E086-4C7B-B36F-0ED4052C6015}.Release.Build.0 = Release|Win32
		{4477251B-E086-4C7B-B36F-0ED4052C6015}.Release_c_api.ActiveCfg = Release_static|Win32
		{4477251B-E086-4C7B-B36F-0ED4052C6015}.Release_c_api.Build.0 = Release_static|Win32
		{4477251B-E086-4C7B-B36F-0ED4052C6015}.Release_static.ActiveCfg = Release_static|Win32
		{4477251B-E086-4C7B-B36F-0ED4052C6015}.Release_static.Build.0 = Release_static|Win32
		{4477251B-E086-4C7B-B36F-0ED4052C6015}.Release_static_dll.ActiveCfg = Release_static_dll|Win32
		{4477251B-E086-4C7B-B36F-0ED4052C6015}.Release_static_dll.Build.0 = Release_static_dll|Win32
		{0F1EAD51-B7A1-4BFA-953B-E66BEF14B57F}.Debug.ActiveCfg = Debug|Win32
		{0F1EAD51-B7A1-4BFA-953B-E66BEF14B57F}.Debug.Build.0 = Debug|Win32
		{0F1EAD51-B7A1-4BFA-953B-E66BEF14B57F}.Debug_c_api.ActiveCfg = Debug_static_dll|Win32
		{0F1EAD51-B7A1-4BFA-953B-E66BEF14B57F}.Debug_c_api.Build.0 = Debug_static_dll|Win32
		{0F1EAD51-B7A1-4BFA-953B-E66BEF14B57F}.Debug_static_dll.ActiveCfg = Debug_static_dll|Win32
		{0F1EAD51-B7A1-4BFA-953B-E66BEF14B57F}.Debug_static_dll.Build.0 = Debug_static_dll|Win32
		{0F1EAD51-B7A1-4BFA-953B-E66BEF14B57F}.objchk_wnet_amd64.ActiveCfg = Debug|Win32
		{0F1EAD51-B7A1-4BFA-953B-E66BEF14B57F}.objchk_wnet_amd64.Build.0 = Debug|Win32
		{0F1EAD51-B7A1-4BFA-953B-E66BEF14B57F}.objchk_wxp_x86.ActiveCfg = Debug|Win32
		{0F1EAD51-B7A1-4BFA-953B-E66BEF14B57F}.objchk_wxp_x86.Build.0 = Debug|Win32
		{0F1EAD51-B7A1-4BFA-953B-E66BEF14B57F}.objfre_wnet_amd64.ActiveCfg = Debug|Win32
		{0F1EAD51-B7A1-4BFA-953B-E66BEF14B57F}.objfre_wnet_amd64.Build.0 = Debug|Win32
		{0F1EAD51-B7A1-4BFA-953B-E66BEF14B57F}.objfre_wxp_x86.ActiveCfg = Debug|Win32
		{0F1EAD51-B7A1-4BFA-953B-E66BEF14B57F}.objfre_wxp_x86.Build.0 = Debug|Win32
		{0F1EAD51-B7A1-4BFA-953B-E66BEF14B57F}.Release.ActiveCfg = Release|Win32
		{0F1EAD51-B7A1-4BFA-953B-E66BEF14B57F}.Release.Build.0 = Release|Win32
		{0F1EAD51-B7A1-4BFA-953B-E66BEF14B57F}.Release_c_api.ActiveCfg = Release_static|Win32
		{0F1EAD51-B7A1-4BFA-953B-E66BEF14B57F}.Release_c_api.Build.0 = Release_static|Win32
		{0F1EAD51-B7A1-4BFA-953B-E66BEF14B57F}.Release_static.ActiveCfg = Release_static|Win32
		{0F1EAD51-B7A1-4BFA-953B-E66BEF14B57F}.Release_static.Build.0 = Release_static|Win32
		{0F1EAD51-B7A1-4BFA-953B-E66BEF14B57F}.Release_static_dll.ActiveCfg = Release_static_dll|Win32
		{0F1EAD51-B7A1-4BFA-953B-E66BEF14B57F}.Release_static_dll.Build.0 = Release_static_dll|Win32
		{5609E357-14E2-40B6-8A0C-F4EFA25B7DB9}.Debug.ActiveCfg = Debug|Win32
		{5609E357-14E2-40B6-8A0C-F4EFA25B7DB9}.Debug.Build.0 = Debug|Win32
		{5609E357-14E2-40B6-8A0C-F4EFA25B7DB9}.Debug_c_api.ActiveCfg = Debug_static_dll|Win32
		{5609E357-14E2-40B6-8A0C-F4EFA25B7DB9}.Debug_c_api.Build.0 = Debug_static_dll|Win32
		{5609E357-14E2-40B6-8A0C-F4EFA25B7DB9}.Debug_static_dll.ActiveCfg = Debug_static_dll|Win32
		{5609E357-14E2-40B6-8A0C-F4EFA25B7DB9}.Debug_static_dll.Build.0 = Debug_static_dll|Win32
		{5609E357-14E2-40B6-8A0C-F4EFA25B7DB9}.objchk_wnet_amd64.ActiveCfg = Debug_static_dll|Win32
		{5609E357-14E2-40B6-8A0C-F4EFA25B7DB9}.objchk_wnet_amd64.Build.0 = Debug_static_dll|Win32
		{5609E357-14E2-40B6-8A0C-F4EFA25B7DB9}.objchk_wxp_x86.ActiveCfg = Debug_static_dll|Win32
		{5609E357-14E2-40B6-8A0C-F4EFA25B7DB9}.objchk_wxp_x86.Build.0 = Debug_static_dll|Win32
		{5609E357-14E2-40B6-8A0C-F4EFA25B7DB9}.objfre_wnet_amd64.ActiveCfg = Debug_static_dll|Win32
		{5609E357-14E2-40B6-8A0C-F4EFA25B7DB9}.objfre_wnet_amd64.Build.0 = Debug_static_dll|Win32
		{5609E357-14E2-40B6-8A0C-F4EFA25B7DB9}.objfre_wxp_x86.ActiveCfg = Debug_static_dll|Win32
		{5609E357-14E2-40B6-8A0C-F4EFA25B7DB9}.objfre_wxp_x86.Build.0 = Debug_static_dll|Win32
		{5609E357-14E2-40B6-8A0C-F4EFA25B7DB9}.Release.ActiveCfg = Release|Win32
		{5609E357-14E2-40B6-8A0C-F4EFA25B7DB9}.Release.Build.0 = Release|Win32
		{5609E357-14E2-40B6-8A0C-F4EFA25B7DB9}.Release_c_api.ActiveCfg = Release_static_dll|Win32
		{5609E357-14E2-40B6-8A0C-F4EFA25B7DB9}.Release_c_api.Build.0 = Release_static_dll|Win32
		{5609E357-14E2-40B6-8A0C-F4EFA25B7DB9}.Release_static.ActiveCfg = Release_static|Win32
		{5609E357-14E2-40B6-8A0C-F4EFA25B7DB9}.Release_static.Build.0 = Release_static|Win32
		{5609E357-14E2-40B6-8A0C-F4EFA25B7DB9}.Release_static_dll.ActiveCfg = Release_static_dll|Win32
		{5609E357-14E2-40B6-8A0C-F4EFA25B7DB9}.Release_static_dll.Build.0 = Release_static_dll|Win32
	EndGlobalSection
	GlobalSection(ExtensibilityGlobals) = postSolution
	EndGlobalSection
	GlobalSection(ExtensibilityAddIns) = postSolution
	EndGlobalSection
EndGlobal
