
Microsoft Visual Studio Solution File, Format Version 12.00
# Visual Studio 2013
Project("{2150E333-8FDC-42A3-9474-1A3956D46DE8}") = "samples", "samples", "{24300741-D11F-40E6-897F-58B16EBBAA34}"
EndProject
Project("{2150E333-8FDC-42A3-9474-1A3956D46DE8}") = "docs", "docs", "{9BC2F91B-727D-4347-8551-E3466FE86152}"
	ProjectSection(SolutionItems) = preProject
		ProtocolFilters\docs\rfc1081_pop3.txt = ProtocolFilters\docs\rfc1081_pop3.txt
		ProtocolFilters\docs\rfc1928_socks5.txt = ProtocolFilters\docs\rfc1928_socks5.txt
		ProtocolFilters\docs\rfc1929_socks5_auth.txt = ProtocolFilters\docs\rfc1929_socks5_auth.txt
		ProtocolFilters\docs\rfc1961_socks5_gss.txt = ProtocolFilters\docs\rfc1961_socks5_gss.txt
		ProtocolFilters\docs\rfc2228_ftp_sec.txt = ProtocolFilters\docs\rfc2228_ftp_sec.txt
		ProtocolFilters\docs\rfc2428_ftp_ipv6.txt = ProtocolFilters\docs\rfc2428_ftp_ipv6.txt
		ProtocolFilters\docs\rfc2616_http.txt = ProtocolFilters\docs\rfc2616_http.txt
		ProtocolFilters\docs\rfc2640_ftp_int.txt = ProtocolFilters\docs\rfc2640_ftp_int.txt
		ProtocolFilters\docs\rfc788_smtp.txt = ProtocolFilters\docs\rfc788_smtp.txt
		ProtocolFilters\docs\rfc959_ftp.txt = ProtocolFilters\docs\rfc959_ftp.txt
		ProtocolFilters\docs\rfc977_nntp.txt = ProtocolFilters\docs\rfc977_nntp.txt
		ProtocolFilters\docs\socks4.protocol = ProtocolFilters\docs\socks4.protocol
		ProtocolFilters\docs\socks4a.protocol = ProtocolFilters\docs\socks4a.protocol
	EndProjectSection
EndProject
Project("{8BC9CEB8-8B4A-11D0-8D11-00A0C91BC942}") = "ProtocolFilters", "ProtocolFilters\ProtocolFilters_2013.vcxproj", "{9FA0E137-5A33-4A99-BECF-02665F6290C8}"
EndProject
Project("{8BC9CEB8-8B4A-11D0-8D11-00A0C91BC942}") = "nfapi", "nfapi\nfapi_2013.vcxproj", "{D276B97E-B077-42FF-B082-4DF2007F9A71}"
EndProject
Project("{8BC9CEB8-8B4A-11D0-8D11-00A0C91BC942}") = "PFHttpContentFilter", "samples\PFHttpContentFilter\PFHttpContentFilter_2013.vcxproj", "{A889B0C0-20B0-425F-9570-35AFE963E219}"
EndProject
Project("{8BC9CEB8-8B4A-11D0-8D11-00A0C91BC942}") = "PFMailFilter", "samples\PFMailFilter\MailFilter_2013.vcxproj", "{74391AA9-E1C2-4BA9-8164-37EA5013D5B9}"
EndProject
Project("{8BC9CEB8-8B4A-11D0-8D11-00A0C91BC942}") = "PFHttpBlocker", "samples\PFHttpBlocker\PFHttpBlocker_2013.vcxproj", "{EF0C2C31-FDE4-41DE-9B09-E4170BB40E08}"
EndProject
Project("{8BC9CEB8-8B4A-11D0-8D11-00A0C91BC942}") = "PFDump", "samples\PFDump\PFDump_2013.vcxproj", "{E7F97DA8-0DBC-49D6-BDB5-D7606A9CB000}"
EndProject
Global
	GlobalSection(SolutionConfigurationPlatforms) = preSolution
		Debug_c_api|Win32 = Debug_c_api|Win32
		Debug_c_api|x64 = Debug_c_api|x64
		Debug_static_dll|Win32 = Debug_static_dll|Win32
		Debug_static_dll|x64 = Debug_static_dll|x64
		Debug|Win32 = Debug|Win32
		Debug|x64 = Debug|x64
		Release_c_api|Win32 = Release_c_api|Win32
		Release_c_api|x64 = Release_c_api|x64
		Release_static_dll|Win32 = Release_static_dll|Win32
		Release_static_dll|x64 = Release_static_dll|x64
		Release_static|Win32 = Release_static|Win32
		Release_static|x64 = Release_static|x64
		Release|Win32 = Release|Win32
		Release|x64 = Release|x64
	EndGlobalSection
	GlobalSection(ProjectConfigurationPlatforms) = postSolution
		{9FA0E137-5A33-4A99-BECF-02665F6290C8}.Debug_c_api|Win32.ActiveCfg = Debug_c_api|Win32
		{9FA0E137-5A33-4A99-BECF-02665F6290C8}.Debug_c_api|Win32.Build.0 = Debug_c_api|Win32
		{9FA0E137-5A33-4A99-BECF-02665F6290C8}.Debug_c_api|x64.ActiveCfg = Debug_c_api|x64
		{9FA0E137-5A33-4A99-BECF-02665F6290C8}.Debug_c_api|x64.Build.0 = Debug_c_api|x64
		{9FA0E137-5A33-4A99-BECF-02665F6290C8}.Debug_static_dll|Win32.ActiveCfg = Debug_static_dll|Win32
		{9FA0E137-5A33-4A99-BECF-02665F6290C8}.Debug_static_dll|Win32.Build.0 = Debug_static_dll|Win32
		{9FA0E137-5A33-4A99-BECF-02665F6290C8}.Debug_static_dll|x64.ActiveCfg = Debug_static_dll|x64
		{9FA0E137-5A33-4A99-BECF-02665F6290C8}.Debug_static_dll|x64.Build.0 = Debug_static_dll|x64
		{9FA0E137-5A33-4A99-BECF-02665F6290C8}.Debug|Win32.ActiveCfg = Debug|Win32
		{9FA0E137-5A33-4A99-BECF-02665F6290C8}.Debug|Win32.Build.0 = Debug|Win32
		{9FA0E137-5A33-4A99-BECF-02665F6290C8}.Debug|x64.ActiveCfg = Debug|x64
		{9FA0E137-5A33-4A99-BECF-02665F6290C8}.Debug|x64.Build.0 = Debug|x64
		{9FA0E137-5A33-4A99-BECF-02665F6290C8}.Release_c_api|Win32.ActiveCfg = Release_c_api|Win32
		{9FA0E137-5A33-4A99-BECF-02665F6290C8}.Release_c_api|Win32.Build.0 = Release_c_api|Win32
		{9FA0E137-5A33-4A99-BECF-02665F6290C8}.Release_c_api|x64.ActiveCfg = Release_c_api|x64
		{9FA0E137-5A33-4A99-BECF-02665F6290C8}.Release_c_api|x64.Build.0 = Release_c_api|x64
		{9FA0E137-5A33-4A99-BECF-02665F6290C8}.Release_static_dll|Win32.ActiveCfg = Release_static_dll|Win32
		{9FA0E137-5A33-4A99-BECF-02665F6290C8}.Release_static_dll|Win32.Build.0 = Release_static_dll|Win32
		{9FA0E137-5A33-4A99-BECF-02665F6290C8}.Release_static_dll|x64.ActiveCfg = Release_static_dll|x64
		{9FA0E137-5A33-4A99-BECF-02665F6290C8}.Release_static_dll|x64.Build.0 = Release_static_dll|x64
		{9FA0E137-5A33-4A99-BECF-02665F6290C8}.Release_static|Win32.ActiveCfg = Release_static|Win32
		{9FA0E137-5A33-4A99-BECF-02665F6290C8}.Release_static|Win32.Build.0 = Release_static|Win32
		{9FA0E137-5A33-4A99-BECF-02665F6290C8}.Release_static|x64.ActiveCfg = Release_static|x64
		{9FA0E137-5A33-4A99-BECF-02665F6290C8}.Release_static|x64.Build.0 = Release_static|x64
		{9FA0E137-5A33-4A99-BECF-02665F6290C8}.Release|Win32.ActiveCfg = Release|Win32
		{9FA0E137-5A33-4A99-BECF-02665F6290C8}.Release|Win32.Build.0 = Release|Win32
		{9FA0E137-5A33-4A99-BECF-02665F6290C8}.Release|x64.ActiveCfg = Release|x64
		{9FA0E137-5A33-4A99-BECF-02665F6290C8}.Release|x64.Build.0 = Release|x64
		{D276B97E-B077-42FF-B082-4DF2007F9A71}.Debug_c_api|Win32.ActiveCfg = Debug_c_api|Win32
		{D276B97E-B077-42FF-B082-4DF2007F9A71}.Debug_c_api|Win32.Build.0 = Debug_c_api|Win32
		{D276B97E-B077-42FF-B082-4DF2007F9A71}.Debug_c_api|x64.ActiveCfg = Debug_c_api|x64
		{D276B97E-B077-42FF-B082-4DF2007F9A71}.Debug_c_api|x64.Build.0 = Debug_c_api|x64
		{D276B97E-B077-42FF-B082-4DF2007F9A71}.Debug_static_dll|Win32.ActiveCfg = Debug_static_dll|Win32
		{D276B97E-B077-42FF-B082-4DF2007F9A71}.Debug_static_dll|Win32.Build.0 = Debug_static_dll|Win32
		{D276B97E-B077-42FF-B082-4DF2007F9A71}.Debug_static_dll|x64.ActiveCfg = Debug_static_dll|x64
		{D276B97E-B077-42FF-B082-4DF2007F9A71}.Debug_static_dll|x64.Build.0 = Debug_static_dll|x64
		{D276B97E-B077-42FF-B082-4DF2007F9A71}.Debug|Win32.ActiveCfg = Debug|Win32
		{D276B97E-B077-42FF-B082-4DF2007F9A71}.Debug|Win32.Build.0 = Debug|Win32
		{D276B97E-B077-42FF-B082-4DF2007F9A71}.Debug|x64.ActiveCfg = Debug|x64
		{D276B97E-B077-42FF-B082-4DF2007F9A71}.Debug|x64.Build.0 = Debug|x64
		{D276B97E-B077-42FF-B082-4DF2007F9A71}.Release_c_api|Win32.ActiveCfg = Release_c_api|Win32
		{D276B97E-B077-42FF-B082-4DF2007F9A71}.Release_c_api|Win32.Build.0 = Release_c_api|Win32
		{D276B97E-B077-42FF-B082-4DF2007F9A71}.Release_c_api|x64.ActiveCfg = Release_c_api|x64
		{D276B97E-B077-42FF-B082-4DF2007F9A71}.Release_c_api|x64.Build.0 = Release_c_api|x64
		{D276B97E-B077-42FF-B082-4DF2007F9A71}.Release_static_dll|Win32.ActiveCfg = Release_static_dll|Win32
		{D276B97E-B077-42FF-B082-4DF2007F9A71}.Release_static_dll|Win32.Build.0 = Release_static_dll|Win32
		{D276B97E-B077-42FF-B082-4DF2007F9A71}.Release_static_dll|x64.ActiveCfg = Release_static_dll|x64
		{D276B97E-B077-42FF-B082-4DF2007F9A71}.Release_static_dll|x64.Build.0 = Release_static_dll|x64
		{D276B97E-B077-42FF-B082-4DF2007F9A71}.Release_static|Win32.ActiveCfg = Release_static|Win32
		{D276B97E-B077-42FF-B082-4DF2007F9A71}.Release_static|Win32.Build.0 = Release_static|Win32
		{D276B97E-B077-42FF-B082-4DF2007F9A71}.Release_static|x64.ActiveCfg = Release_static|x64
		{D276B97E-B077-42FF-B082-4DF2007F9A71}.Release_static|x64.Build.0 = Release_static|x64
		{D276B97E-B077-42FF-B082-4DF2007F9A71}.Release|Win32.ActiveCfg = Release|Win32
		{D276B97E-B077-42FF-B082-4DF2007F9A71}.Release|Win32.Build.0 = Release|Win32
		{D276B97E-B077-42FF-B082-4DF2007F9A71}.Release|x64.ActiveCfg = Release|x64
		{D276B97E-B077-42FF-B082-4DF2007F9A71}.Release|x64.Build.0 = Release|x64
		{A889B0C0-20B0-425F-9570-35AFE963E219}.Debug_c_api|Win32.ActiveCfg = Debug|Win32
		{A889B0C0-20B0-425F-9570-35AFE963E219}.Debug_c_api|Win32.Build.0 = Debug|Win32
		{A889B0C0-20B0-425F-9570-35AFE963E219}.Debug_c_api|x64.ActiveCfg = Debug|Win32
		{A889B0C0-20B0-425F-9570-35AFE963E219}.Debug_static_dll|Win32.ActiveCfg = Debug|Win32
		{A889B0C0-20B0-425F-9570-35AFE963E219}.Debug_static_dll|Win32.Build.0 = Debug|Win32
		{A889B0C0-20B0-425F-9570-35AFE963E219}.Debug_static_dll|x64.ActiveCfg = Debug|Win32
		{A889B0C0-20B0-425F-9570-35AFE963E219}.Debug|Win32.ActiveCfg = Debug|Win32
		{A889B0C0-20B0-425F-9570-35AFE963E219}.Debug|Win32.Build.0 = Debug|Win32
		{A889B0C0-20B0-425F-9570-35AFE963E219}.Debug|x64.ActiveCfg = Debug|Win32
		{A889B0C0-20B0-425F-9570-35AFE963E219}.Release_c_api|Win32.ActiveCfg = Release|Win32
		{A889B0C0-20B0-425F-9570-35AFE963E219}.Release_c_api|x64.ActiveCfg = Release|Win32
		{A889B0C0-20B0-425F-9570-35AFE963E219}.Release_static_dll|Win32.ActiveCfg = Release|Win32
		{A889B0C0-20B0-425F-9570-35AFE963E219}.Release_static_dll|Win32.Build.0 = Release|Win32
		{A889B0C0-20B0-425F-9570-35AFE963E219}.Release_static_dll|x64.ActiveCfg = Release|Win32
		{A889B0C0-20B0-425F-9570-35AFE963E219}.Release_static|Win32.ActiveCfg = Release|Win32
		{A889B0C0-20B0-425F-9570-35AFE963E219}.Release_static|Win32.Build.0 = Release|Win32
		{A889B0C0-20B0-425F-9570-35AFE963E219}.Release_static|x64.ActiveCfg = Release|Win32
		{A889B0C0-20B0-425F-9570-35AFE963E219}.Release|Win32.ActiveCfg = Release|Win32
		{A889B0C0-20B0-425F-9570-35AFE963E219}.Release|Win32.Build.0 = Release|Win32
		{A889B0C0-20B0-425F-9570-35AFE963E219}.Release|x64.ActiveCfg = Release|Win32
		{74391AA9-E1C2-4BA9-8164-37EA5013D5B9}.Debug_c_api|Win32.ActiveCfg = Debug|Win32
		{74391AA9-E1C2-4BA9-8164-37EA5013D5B9}.Debug_c_api|Win32.Build.0 = Debug|Win32
		{74391AA9-E1C2-4BA9-8164-37EA5013D5B9}.Debug_c_api|x64.ActiveCfg = Debug|Win32
		{74391AA9-E1C2-4BA9-8164-37EA5013D5B9}.Debug_static_dll|Win32.ActiveCfg = Debug|Win32
		{74391AA9-E1C2-4BA9-8164-37EA5013D5B9}.Debug_static_dll|Win32.Build.0 = Debug|Win32
		{74391AA9-E1C2-4BA9-8164-37EA5013D5B9}.Debug_static_dll|x64.ActiveCfg = Debug|Win32
		{74391AA9-E1C2-4BA9-8164-37EA5013D5B9}.Debug|Win32.ActiveCfg = Debug|Win32
		{74391AA9-E1C2-4BA9-8164-37EA5013D5B9}.Debug|Win32.Build.0 = Debug|Win32
		{74391AA9-E1C2-4BA9-8164-37EA5013D5B9}.Debug|x64.ActiveCfg = Debug|Win32
		{74391AA9-E1C2-4BA9-8164-37EA5013D5B9}.Release_c_api|Win32.ActiveCfg = Release|Win32
		{74391AA9-E1C2-4BA9-8164-37EA5013D5B9}.Release_c_api|x64.ActiveCfg = Release|Win32
		{74391AA9-E1C2-4BA9-8164-37EA5013D5B9}.Release_static_dll|Win32.ActiveCfg = Release|Win32
		{74391AA9-E1C2-4BA9-8164-37EA5013D5B9}.Release_static_dll|Win32.Build.0 = Release|Win32
		{74391AA9-E1C2-4BA9-8164-37EA5013D5B9}.Release_static_dll|x64.ActiveCfg = Release|Win32
		{74391AA9-E1C2-4BA9-8164-37EA5013D5B9}.Release_static|Win32.ActiveCfg = Release|Win32
		{74391AA9-E1C2-4BA9-8164-37EA5013D5B9}.Release_static|Win32.Build.0 = Release|Win32
		{74391AA9-E1C2-4BA9-8164-37EA5013D5B9}.Release_static|x64.ActiveCfg = Release|Win32
		{74391AA9-E1C2-4BA9-8164-37EA5013D5B9}.Release|Win32.ActiveCfg = Release|Win32
		{74391AA9-E1C2-4BA9-8164-37EA5013D5B9}.Release|Win32.Build.0 = Release|Win32
		{74391AA9-E1C2-4BA9-8164-37EA5013D5B9}.Release|x64.ActiveCfg = Release|Win32
		{EF0C2C31-FDE4-41DE-9B09-E4170BB40E08}.Debug_c_api|Win32.ActiveCfg = Debug|Win32
		{EF0C2C31-FDE4-41DE-9B09-E4170BB40E08}.Debug_c_api|Win32.Build.0 = Debug|Win32
		{EF0C2C31-FDE4-41DE-9B09-E4170BB40E08}.Debug_c_api|x64.ActiveCfg = Debug|Win32
		{EF0C2C31-FDE4-41DE-9B09-E4170BB40E08}.Debug_static_dll|Win32.ActiveCfg = Debug|Win32
		{EF0C2C31-FDE4-41DE-9B09-E4170BB40E08}.Debug_static_dll|Win32.Build.0 = Debug|Win32
		{EF0C2C31-FDE4-41DE-9B09-E4170BB40E08}.Debug_static_dll|x64.ActiveCfg = Debug|Win32
		{EF0C2C31-FDE4-41DE-9B09-E4170BB40E08}.Debug|Win32.ActiveCfg = Debug|Win32
		{EF0C2C31-FDE4-41DE-9B09-E4170BB40E08}.Debug|Win32.Build.0 = Debug|Win32
		{EF0C2C31-FDE4-41DE-9B09-E4170BB40E08}.Debug|x64.ActiveCfg = Debug|Win32
		{EF0C2C31-FDE4-41DE-9B09-E4170BB40E08}.Release_c_api|Win32.ActiveCfg = Release|Win32
		{EF0C2C31-FDE4-41DE-9B09-E4170BB40E08}.Release_c_api|x64.ActiveCfg = Release|Win32
		{EF0C2C31-FDE4-41DE-9B09-E4170BB40E08}.Release_static_dll|Win32.ActiveCfg = Release|Win32
		{EF0C2C31-FDE4-41DE-9B09-E4170BB40E08}.Release_static_dll|Win32.Build.0 = Release|Win32
		{EF0C2C31-FDE4-41DE-9B09-E4170BB40E08}.Release_static_dll|x64.ActiveCfg = Release|Win32
		{EF0C2C31-FDE4-41DE-9B09-E4170BB40E08}.Release_static|Win32.ActiveCfg = Release|Win32
		{EF0C2C31-FDE4-41DE-9B09-E4170BB40E08}.Release_static|Win32.Build.0 = Release|Win32
		{EF0C2C31-FDE4-41DE-9B09-E4170BB40E08}.Release_static|x64.ActiveCfg = Release|Win32
		{EF0C2C31-FDE4-41DE-9B09-E4170BB40E08}.Release|Win32.ActiveCfg = Release|Win32
		{EF0C2C31-FDE4-41DE-9B09-E4170BB40E08}.Release|Win32.Build.0 = Release|Win32
		{EF0C2C31-FDE4-41DE-9B09-E4170BB40E08}.Release|x64.ActiveCfg = Release|Win32
		{E7F97DA8-0DBC-49D6-BDB5-D7606A9CB000}.Debug_c_api|Win32.ActiveCfg = Debug|Win32
		{E7F97DA8-0DBC-49D6-BDB5-D7606A9CB000}.Debug_c_api|Win32.Build.0 = Debug|Win32
		{E7F97DA8-0DBC-49D6-BDB5-D7606A9CB000}.Debug_c_api|x64.ActiveCfg = Debug|Win32
		{E7F97DA8-0DBC-49D6-BDB5-D7606A9CB000}.Debug_static_dll|Win32.ActiveCfg = Debug|Win32
		{E7F97DA8-0DBC-49D6-BDB5-D7606A9CB000}.Debug_static_dll|Win32.Build.0 = Debug|Win32
		{E7F97DA8-0DBC-49D6-BDB5-D7606A9CB000}.Debug_static_dll|x64.ActiveCfg = Debug|Win32
		{E7F97DA8-0DBC-49D6-BDB5-D7606A9CB000}.Debug|Win32.ActiveCfg = Debug|Win32
		{E7F97DA8-0DBC-49D6-BDB5-D7606A9CB000}.Debug|Win32.Build.0 = Debug|Win32
		{E7F97DA8-0DBC-49D6-BDB5-D7606A9CB000}.Debug|x64.ActiveCfg = Debug|Win32
		{E7F97DA8-0DBC-49D6-BDB5-D7606A9CB000}.Release_c_api|Win32.ActiveCfg = Release|Win32
		{E7F97DA8-0DBC-49D6-BDB5-D7606A9CB000}.Release_c_api|x64.ActiveCfg = Release|Win32
		{E7F97DA8-0DBC-49D6-BDB5-D7606A9CB000}.Release_static_dll|Win32.ActiveCfg = Release|Win32
		{E7F97DA8-0DBC-49D6-BDB5-D7606A9CB000}.Release_static_dll|Win32.Build.0 = Release|Win32
		{E7F97DA8-0DBC-49D6-BDB5-D7606A9CB000}.Release_static_dll|x64.ActiveCfg = Release|Win32
		{E7F97DA8-0DBC-49D6-BDB5-D7606A9CB000}.Release_static|Win32.ActiveCfg = Release|Win32
		{E7F97DA8-0DBC-49D6-BDB5-D7606A9CB000}.Release_static|Win32.Build.0 = Release|Win32
		{E7F97DA8-0DBC-49D6-BDB5-D7606A9CB000}.Release_static|x64.ActiveCfg = Release|Win32
		{E7F97DA8-0DBC-49D6-BDB5-D7606A9CB000}.Release|Win32.ActiveCfg = Release|Win32
		{E7F97DA8-0DBC-49D6-BDB5-D7606A9CB000}.Release|Win32.Build.0 = Release|Win32
		{E7F97DA8-0DBC-49D6-BDB5-D7606A9CB000}.Release|x64.ActiveCfg = Release|Win32
	EndGlobalSection
	GlobalSection(SolutionProperties) = preSolution
		HideSolutionNode = FALSE
	EndGlobalSection
	GlobalSection(NestedProjects) = preSolution
		{A889B0C0-20B0-425F-9570-35AFE963E219} = {24300741-D11F-40E6-897F-58B16EBBAA34}
		{74391AA9-E1C2-4BA9-8164-37EA5013D5B9} = {24300741-D11F-40E6-897F-58B16EBBAA34}
		{EF0C2C31-FDE4-41DE-9B09-E4170BB40E08} = {24300741-D11F-40E6-897F-58B16EBBAA34}
		{E7F97DA8-0DBC-49D6-BDB5-D7606A9CB000} = {24300741-D11F-40E6-897F-58B16EBBAA34}
	EndGlobalSection
EndGlobal
